// !$*UTF8*$!
{
	archiveVersion = 1;
	classes = {
	};
	objectVersion = 56;
	objects = {

/* Begin PBXBuildFile section */
		4D15F0B62A0C31AB00539383 /* BoardView.swift in Sources */ = {isa = PBXBuildFile; fileRef = 4D15F0B52A0C31AB00539383 /* BoardView.swift */; };
		4D15F0B82A0C355E00539383 /* GameView.swift in Sources */ = {isa = PBXBuildFile; fileRef = 4D15F0B72A0C355E00539383 /* GameView.swift */; };
		4D15F0BB2A0C37BE00539383 /* CellView.swift in Sources */ = {isa = PBXBuildFile; fileRef = 4D15F0BA2A0C37BE00539383 /* CellView.swift */; };
		4D70D23F2A05518F002E9C0A /* Temple_BeastsApp.swift in Sources */ = {isa = PBXBuildFile; fileRef = 4D70D23E2A05518F002E9C0A /* Temple_BeastsApp.swift */; };
		4D70D2432A055190002E9C0A /* Assets.xcassets in Resources */ = {isa = PBXBuildFile; fileRef = 4D70D2422A055190002E9C0A /* Assets.xcassets */; };
		4D70D2462A055190002E9C0A /* Preview Assets.xcassets in Resources */ = {isa = PBXBuildFile; fileRef = 4D70D2452A055190002E9C0A /* Preview Assets.xcassets */; };
		4D70D2512A0555D5002E9C0A /* Board.swift in Sources */ = {isa = PBXBuildFile; fileRef = 4D70D2502A0555D5002E9C0A /* Board.swift */; };
		4D70D2532A055910002E9C0A /* PlayerView.swift in Sources */ = {isa = PBXBuildFile; fileRef = 4D70D2522A055910002E9C0A /* PlayerView.swift */; };
		4D84F5D52A30BF5100B6E35C /* GameType.swift in Sources */ = {isa = PBXBuildFile; fileRef = 4D84F5D42A30BF5100B6E35C /* GameType.swift */; };
		4D84F5D92A311F2200B6E35C /* AppState.swift in Sources */ = {isa = PBXBuildFile; fileRef = 4D84F5D82A311F2200B6E35C /* AppState.swift */; };
		4DA579EC2A1AA4D700C989BE /* PauseMenuView.swift in Sources */ = {isa = PBXBuildFile; fileRef = 4DA579EB2A1AA4D700C989BE /* PauseMenuView.swift */; };
		4DC62BF12A19402500CD2007 /* BarView.swift in Sources */ = {isa = PBXBuildFile; fileRef = 4DC62BF02A19402500CD2007 /* BarView.swift */; };
		4DC62BF52A194E1900CD2007 /* LaunchScreen.storyboard in Resources */ = {isa = PBXBuildFile; fileRef = 4DC62BF42A194E1900CD2007 /* LaunchScreen.storyboard */; };
		4DC62BF82A19560500CD2007 /* Ext+InnerShadow.swift in Sources */ = {isa = PBXBuildFile; fileRef = 4DC62BF72A19560500CD2007 /* Ext+InnerShadow.swift */; };
		4DC62BFA2A1A73F700CD2007 /* MenuView.swift in Sources */ = {isa = PBXBuildFile; fileRef = 4DC62BF92A1A73F700CD2007 /* MenuView.swift */; };
		4DC9BF6F2A43AF8300A81BF8 /* Test2.swift in Sources */ = {isa = PBXBuildFile; fileRef = 4DC9BF6E2A43AF8300A81BF8 /* Test2.swift */; };
		4DE0EF2D2A1F21D80012DC18 /* PopupView in Frameworks */ = {isa = PBXBuildFile; productRef = 4DE0EF2C2A1F21D80012DC18 /* PopupView */; };
		4DED054D2A31346E00B2362A /* MenuButtonView.swift in Sources */ = {isa = PBXBuildFile; fileRef = 4DED054C2A31346E00B2362A /* MenuButtonView.swift */; };
		4DED05512A31402900B2362A /* TimeBarView.swift in Sources */ = {isa = PBXBuildFile; fileRef = 4DED05502A31402900B2362A /* TimeBarView.swift */; };
		4DED05532A31413600B2362A /* PieceCountView.swift in Sources */ = {isa = PBXBuildFile; fileRef = 4DED05522A31413600B2362A /* PieceCountView.swift */; };
		4DED05592A3145D400B2362A /* CustomToggleView.swift in Sources */ = {isa = PBXBuildFile; fileRef = 4DED05582A3145D400B2362A /* CustomToggleView.swift */; };
		4DED055B2A3147D500B2362A /* PauseMenuIconView.swift in Sources */ = {isa = PBXBuildFile; fileRef = 4DED055A2A3147D500B2362A /* PauseMenuIconView.swift */; };
		4DED055C2A31494800B2362A /* Watermelon-Regular.otf in Resources */ = {isa = PBXBuildFile; fileRef = 4DED05562A31449100B2362A /* Watermelon-Regular.otf */; };
/* End PBXBuildFile section */

/* Begin PBXFileReference section */
		4D15F0B52A0C31AB00539383 /* BoardView.swift */ = {isa = PBXFileReference; lastKnownFileType = sourcecode.swift; path = BoardView.swift; sourceTree = "<group>"; };
		4D15F0B72A0C355E00539383 /* GameView.swift */ = {isa = PBXFileReference; lastKnownFileType = sourcecode.swift; path = GameView.swift; sourceTree = "<group>"; };
		4D15F0BA2A0C37BE00539383 /* CellView.swift */ = {isa = PBXFileReference; lastKnownFileType = sourcecode.swift; path = CellView.swift; sourceTree = "<group>"; };
		4D70D23B2A05518F002E9C0A /* Temple Beasts.app */ = {isa = PBXFileReference; explicitFileType = wrapper.application; includeInIndex = 0; path = "Temple Beasts.app"; sourceTree = BUILT_PRODUCTS_DIR; };
		4D70D23E2A05518F002E9C0A /* Temple_BeastsApp.swift */ = {isa = PBXFileReference; lastKnownFileType = sourcecode.swift; path = Temple_BeastsApp.swift; sourceTree = "<group>"; };
		4D70D2422A055190002E9C0A /* Assets.xcassets */ = {isa = PBXFileReference; lastKnownFileType = folder.assetcatalog; path = Assets.xcassets; sourceTree = "<group>"; };
		4D70D2452A055190002E9C0A /* Preview Assets.xcassets */ = {isa = PBXFileReference; lastKnownFileType = folder.assetcatalog; path = "Preview Assets.xcassets"; sourceTree = "<group>"; };
		4D70D2472A055190002E9C0A /* Temple_Beasts.entitlements */ = {isa = PBXFileReference; lastKnownFileType = text.plist.entitlements; path = Temple_Beasts.entitlements; sourceTree = "<group>"; };
		4D70D2502A0555D5002E9C0A /* Board.swift */ = {isa = PBXFileReference; lastKnownFileType = sourcecode.swift; path = Board.swift; sourceTree = "<group>"; };
		4D70D2522A055910002E9C0A /* PlayerView.swift */ = {isa = PBXFileReference; lastKnownFileType = sourcecode.swift; path = PlayerView.swift; sourceTree = "<group>"; };
		4D84F5D42A30BF5100B6E35C /* GameType.swift */ = {isa = PBXFileReference; lastKnownFileType = sourcecode.swift; path = GameType.swift; sourceTree = "<group>"; };
		4D84F5D82A311F2200B6E35C /* AppState.swift */ = {isa = PBXFileReference; lastKnownFileType = sourcecode.swift; path = AppState.swift; sourceTree = "<group>"; };
		4DA579EB2A1AA4D700C989BE /* PauseMenuView.swift */ = {isa = PBXFileReference; lastKnownFileType = sourcecode.swift; path = PauseMenuView.swift; sourceTree = "<group>"; };
		4DC62BF02A19402500CD2007 /* BarView.swift */ = {isa = PBXFileReference; lastKnownFileType = sourcecode.swift; path = BarView.swift; sourceTree = "<group>"; };
		4DC62BF42A194E1900CD2007 /* LaunchScreen.storyboard */ = {isa = PBXFileReference; lastKnownFileType = file.storyboard; path = LaunchScreen.storyboard; sourceTree = "<group>"; };
		4DC62BF72A19560500CD2007 /* Ext+InnerShadow.swift */ = {isa = PBXFileReference; lastKnownFileType = sourcecode.swift; path = "Ext+InnerShadow.swift"; sourceTree = "<group>"; };
		4DC62BF92A1A73F700CD2007 /* MenuView.swift */ = {isa = PBXFileReference; lastKnownFileType = sourcecode.swift; path = MenuView.swift; sourceTree = "<group>"; };
		4DC9BF6E2A43AF8300A81BF8 /* Test2.swift */ = {isa = PBXFileReference; lastKnownFileType = sourcecode.swift; path = Test2.swift; sourceTree = "<group>"; };
		4DED054C2A31346E00B2362A /* MenuButtonView.swift */ = {isa = PBXFileReference; lastKnownFileType = sourcecode.swift; path = MenuButtonView.swift; sourceTree = "<group>"; };
		4DED05502A31402900B2362A /* TimeBarView.swift */ = {isa = PBXFileReference; lastKnownFileType = sourcecode.swift; path = TimeBarView.swift; sourceTree = "<group>"; };
		4DED05522A31413600B2362A /* PieceCountView.swift */ = {isa = PBXFileReference; lastKnownFileType = sourcecode.swift; path = PieceCountView.swift; sourceTree = "<group>"; };
		4DED05562A31449100B2362A /* Watermelon-Regular.otf */ = {isa = PBXFileReference; lastKnownFileType = file; path = "Watermelon-Regular.otf"; sourceTree = "<group>"; };
		4DED05582A3145D400B2362A /* CustomToggleView.swift */ = {isa = PBXFileReference; lastKnownFileType = sourcecode.swift; path = CustomToggleView.swift; sourceTree = "<group>"; };
		4DED055A2A3147D500B2362A /* PauseMenuIconView.swift */ = {isa = PBXFileReference; lastKnownFileType = sourcecode.swift; path = PauseMenuIconView.swift; sourceTree = "<group>"; };
/* End PBXFileReference section */

/* Begin PBXFrameworksBuildPhase section */
		4D70D2382A05518F002E9C0A /* Frameworks */ = {
			isa = PBXFrameworksBuildPhase;
			buildActionMask = 2147483647;
			files = (
				4DE0EF2D2A1F21D80012DC18 /* PopupView in Frameworks */,
			);
			runOnlyForDeploymentPostprocessing = 0;
		};
/* End PBXFrameworksBuildPhase section */

/* Begin PBXGroup section */
		4D3A83CD2A0D33200059E2F0 /* Model */ = {
			isa = PBXGroup;
			children = (
				4D84F5D82A311F2200B6E35C /* AppState.swift */,
				4D84F5D42A30BF5100B6E35C /* GameType.swift */,
				4D70D2502A0555D5002E9C0A /* Board.swift */,
			);
			path = Model;
			sourceTree = "<group>";
		};
		4D70D2322A05518F002E9C0A = {
			isa = PBXGroup;
			children = (
				4D70D23D2A05518F002E9C0A /* Temple Beasts */,
				4D70D23C2A05518F002E9C0A /* Products */,
			);
			sourceTree = "<group>";
		};
		4D70D23C2A05518F002E9C0A /* Products */ = {
			isa = PBXGroup;
			children = (
				4D70D23B2A05518F002E9C0A /* Temple Beasts.app */,
			);
			name = Products;
			sourceTree = "<group>";
		};
		4D70D23D2A05518F002E9C0A /* Temple Beasts */ = {
			isa = PBXGroup;
			children = (
				4DED05552A31448900B2362A /* Assets */,
				4DC62BF62A1955F700CD2007 /* Utils */,
				4D3A83CD2A0D33200059E2F0 /* Model */,
				4D70D24D2A05545B002E9C0A /* Views */,
				4D70D23E2A05518F002E9C0A /* Temple_BeastsApp.swift */,
				4D70D2472A055190002E9C0A /* Temple_Beasts.entitlements */,
				4D70D2442A055190002E9C0A /* Preview Content */,
			);
			path = "Temple Beasts";
			sourceTree = "<group>";
		};
		4D70D2442A055190002E9C0A /* Preview Content */ = {
			isa = PBXGroup;
			children = (
				4D70D2452A055190002E9C0A /* Preview Assets.xcassets */,
			);
			path = "Preview Content";
			sourceTree = "<group>";
		};
		4D70D24D2A05545B002E9C0A /* Views */ = {
			isa = PBXGroup;
			children = (
				4DED05542A31439100B2362A /* Subviews */,
				4D15F0B52A0C31AB00539383 /* BoardView.swift */,
				4D15F0B72A0C355E00539383 /* GameView.swift */,
				4DA579EB2A1AA4D700C989BE /* PauseMenuView.swift */,
				4DC62BF92A1A73F700CD2007 /* MenuView.swift */,
				4DC62BF42A194E1900CD2007 /* LaunchScreen.storyboard */,
				4DC9BF6E2A43AF8300A81BF8 /* Test2.swift */,
			);
			path = Views;
			sourceTree = "<group>";
		};
		4DC62BF62A1955F700CD2007 /* Utils */ = {
			isa = PBXGroup;
			children = (
				4DC62BF72A19560500CD2007 /* Ext+InnerShadow.swift */,
			);
			path = Utils;
			sourceTree = "<group>";
		};
		4DED05542A31439100B2362A /* Subviews */ = {
			isa = PBXGroup;
			children = (
				4DED05522A31413600B2362A /* PieceCountView.swift */,
				4D70D2522A055910002E9C0A /* PlayerView.swift */,
				4D15F0BA2A0C37BE00539383 /* CellView.swift */,
				4DC62BF02A19402500CD2007 /* BarView.swift */,
				4DED054C2A31346E00B2362A /* MenuButtonView.swift */,
				4DED05502A31402900B2362A /* TimeBarView.swift */,
				4DED05582A3145D400B2362A /* CustomToggleView.swift */,
				4DED055A2A3147D500B2362A /* PauseMenuIconView.swift */,
			);
			path = Subviews;
			sourceTree = "<group>";
		};
		4DED05552A31448900B2362A /* Assets */ = {
			isa = PBXGroup;
			children = (
				4DED05562A31449100B2362A /* Watermelon-Regular.otf */,
				4D70D2422A055190002E9C0A /* Assets.xcassets */,
			);
			path = Assets;
			sourceTree = "<group>";
		};
/* End PBXGroup section */

/* Begin PBXNativeTarget section */
		4D70D23A2A05518F002E9C0A /* Temple Beasts */ = {
			isa = PBXNativeTarget;
			buildConfigurationList = 4D70D24A2A055190002E9C0A /* Build configuration list for PBXNativeTarget "Temple Beasts" */;
			buildPhases = (
				4D70D2372A05518F002E9C0A /* Sources */,
				4D70D2382A05518F002E9C0A /* Frameworks */,
				4D70D2392A05518F002E9C0A /* Resources */,
			);
			buildRules = (
			);
			dependencies = (
			);
			name = "Temple Beasts";
			packageProductDependencies = (
				4DE0EF2C2A1F21D80012DC18 /* PopupView */,
			);
			productName = "Temple Beasts";
			productReference = 4D70D23B2A05518F002E9C0A /* Temple Beasts.app */;
			productType = "com.apple.product-type.application";
		};
/* End PBXNativeTarget section */

/* Begin PBXProject section */
		4D70D2332A05518F002E9C0A /* Project object */ = {
			isa = PBXProject;
			attributes = {
				BuildIndependentTargetsInParallel = 1;
				LastSwiftUpdateCheck = 1430;
				LastUpgradeCheck = 1430;
				TargetAttributes = {
					4D70D23A2A05518F002E9C0A = {
						CreatedOnToolsVersion = 14.3;
					};
				};
			};
			buildConfigurationList = 4D70D2362A05518F002E9C0A /* Build configuration list for PBXProject "Temple Beasts" */;
			compatibilityVersion = "Xcode 14.0";
			developmentRegion = en;
			hasScannedForEncodings = 0;
			knownRegions = (
				en,
				Base,
			);
			mainGroup = 4D70D2322A05518F002E9C0A;
			packageReferences = (
				4DE0EF2B2A1F21D80012DC18 /* XCRemoteSwiftPackageReference "PopupView" */,
			);
			productRefGroup = 4D70D23C2A05518F002E9C0A /* Products */;
			projectDirPath = "";
			projectRoot = "";
			targets = (
				4D70D23A2A05518F002E9C0A /* Temple Beasts */,
			);
		};
/* End PBXProject section */

/* Begin PBXResourcesBuildPhase section */
		4D70D2392A05518F002E9C0A /* Resources */ = {
			isa = PBXResourcesBuildPhase;
			buildActionMask = 2147483647;
			files = (
				4DC62BF52A194E1900CD2007 /* LaunchScreen.storyboard in Resources */,
				4D70D2462A055190002E9C0A /* Preview Assets.xcassets in Resources */,
				4DED055C2A31494800B2362A /* Watermelon-Regular.otf in Resources */,
				4D70D2432A055190002E9C0A /* Assets.xcassets in Resources */,
			);
			runOnlyForDeploymentPostprocessing = 0;
		};
/* End PBXResourcesBuildPhase section */

/* Begin PBXSourcesBuildPhase section */
		4D70D2372A05518F002E9C0A /* Sources */ = {
			isa = PBXSourcesBuildPhase;
			buildActionMask = 2147483647;
			files = (
				4D70D23F2A05518F002E9C0A /* Temple_BeastsApp.swift in Sources */,
				4D15F0B62A0C31AB00539383 /* BoardView.swift in Sources */,
				4DED054D2A31346E00B2362A /* MenuButtonView.swift in Sources */,
				4D70D2532A055910002E9C0A /* PlayerView.swift in Sources */,
				4DED055B2A3147D500B2362A /* PauseMenuIconView.swift in Sources */,
				4D70D2512A0555D5002E9C0A /* Board.swift in Sources */,
				4D84F5D52A30BF5100B6E35C /* GameType.swift in Sources */,
				4DA579EC2A1AA4D700C989BE /* PauseMenuView.swift in Sources */,
				4DC62BFA2A1A73F700CD2007 /* MenuView.swift in Sources */,
				4D15F0B82A0C355E00539383 /* GameView.swift in Sources */,
				4DED05592A3145D400B2362A /* CustomToggleView.swift in Sources */,
				4DED05532A31413600B2362A /* PieceCountView.swift in Sources */,
				4DC9BF6F2A43AF8300A81BF8 /* Test2.swift in Sources */,
				4D84F5D92A311F2200B6E35C /* AppState.swift in Sources */,
				4DED05512A31402900B2362A /* TimeBarView.swift in Sources */,
				4D15F0BB2A0C37BE00539383 /* CellView.swift in Sources */,
				4DC62BF82A19560500CD2007 /* Ext+InnerShadow.swift in Sources */,
				4DC62BF12A19402500CD2007 /* BarView.swift in Sources */,
			);
			runOnlyForDeploymentPostprocessing = 0;
		};
/* End PBXSourcesBuildPhase section */

/* Begin XCBuildConfiguration section */
		4D70D2482A055190002E9C0A /* Debug */ = {
			isa = XCBuildConfiguration;
			buildSettings = {
				ALWAYS_SEARCH_USER_PATHS = NO;
				CLANG_ANALYZER_NONNULL = YES;
				CLANG_ANALYZER_NUMBER_OBJECT_CONVERSION = YES_AGGRESSIVE;
				CLANG_CXX_LANGUAGE_STANDARD = "gnu++20";
				CLANG_ENABLE_MODULES = YES;
				CLANG_ENABLE_OBJC_ARC = YES;
				CLANG_ENABLE_OBJC_WEAK = YES;
				CLANG_WARN_BLOCK_CAPTURE_AUTORELEASING = YES;
				CLANG_WARN_BOOL_CONVERSION = YES;
				CLANG_WARN_COMMA = YES;
				CLANG_WARN_CONSTANT_CONVERSION = YES;
				CLANG_WARN_DEPRECATED_OBJC_IMPLEMENTATIONS = YES;
				CLANG_WARN_DIRECT_OBJC_ISA_USAGE = YES_ERROR;
				CLANG_WARN_DOCUMENTATION_COMMENTS = YES;
				CLANG_WARN_EMPTY_BODY = YES;
				CLANG_WARN_ENUM_CONVERSION = YES;
				CLANG_WARN_INFINITE_RECURSION = YES;
				CLANG_WARN_INT_CONVERSION = YES;
				CLANG_WARN_NON_LITERAL_NULL_CONVERSION = YES;
				CLANG_WARN_OBJC_IMPLICIT_RETAIN_SELF = YES;
				CLANG_WARN_OBJC_LITERAL_CONVERSION = YES;
				CLANG_WARN_OBJC_ROOT_CLASS = YES_ERROR;
				CLANG_WARN_QUOTED_INCLUDE_IN_FRAMEWORK_HEADER = YES;
				CLANG_WARN_RANGE_LOOP_ANALYSIS = YES;
				CLANG_WARN_STRICT_PROTOTYPES = YES;
				CLANG_WARN_SUSPICIOUS_MOVE = YES;
				CLANG_WARN_UNGUARDED_AVAILABILITY = YES_AGGRESSIVE;
				CLANG_WARN_UNREACHABLE_CODE = YES;
				CLANG_WARN__DUPLICATE_METHOD_MATCH = YES;
				COPY_PHASE_STRIP = NO;
				DEBUG_INFORMATION_FORMAT = dwarf;
				ENABLE_STRICT_OBJC_MSGSEND = YES;
				ENABLE_TESTABILITY = YES;
				GCC_C_LANGUAGE_STANDARD = gnu11;
				GCC_DYNAMIC_NO_PIC = NO;
				GCC_NO_COMMON_BLOCKS = YES;
				GCC_OPTIMIZATION_LEVEL = 0;
				GCC_PREPROCESSOR_DEFINITIONS = (
					"DEBUG=1",
					"$(inherited)",
				);
				GCC_WARN_64_TO_32_BIT_CONVERSION = YES;
				GCC_WARN_ABOUT_RETURN_TYPE = YES_ERROR;
				GCC_WARN_UNDECLARED_SELECTOR = YES;
				GCC_WARN_UNINITIALIZED_AUTOS = YES_AGGRESSIVE;
				GCC_WARN_UNUSED_FUNCTION = YES;
				GCC_WARN_UNUSED_VARIABLE = YES;
				MACOSX_DEPLOYMENT_TARGET = 13.3;
				MTL_ENABLE_DEBUG_INFO = INCLUDE_SOURCE;
				MTL_FAST_MATH = YES;
				ONLY_ACTIVE_ARCH = YES;
				SDKROOT = macosx;
				SWIFT_ACTIVE_COMPILATION_CONDITIONS = DEBUG;
				SWIFT_OPTIMIZATION_LEVEL = "-Onone";
			};
			name = Debug;
		};
		4D70D2492A055190002E9C0A /* Release */ = {
			isa = XCBuildConfiguration;
			buildSettings = {
				ALWAYS_SEARCH_USER_PATHS = NO;
				CLANG_ANALYZER_NONNULL = YES;
				CLANG_ANALYZER_NUMBER_OBJECT_CONVERSION = YES_AGGRESSIVE;
				CLANG_CXX_LANGUAGE_STANDARD = "gnu++20";
				CLANG_ENABLE_MODULES = YES;
				CLANG_ENABLE_OBJC_ARC = YES;
				CLANG_ENABLE_OBJC_WEAK = YES;
				CLANG_WARN_BLOCK_CAPTURE_AUTORELEASING = YES;
				CLANG_WARN_BOOL_CONVERSION = YES;
				CLANG_WARN_COMMA = YES;
				CLANG_WARN_CONSTANT_CONVERSION = YES;
				CLANG_WARN_DEPRECATED_OBJC_IMPLEMENTATIONS = YES;
				CLANG_WARN_DIRECT_OBJC_ISA_USAGE = YES_ERROR;
				CLANG_WARN_DOCUMENTATION_COMMENTS = YES;
				CLANG_WARN_EMPTY_BODY = YES;
				CLANG_WARN_ENUM_CONVERSION = YES;
				CLANG_WARN_INFINITE_RECURSION = YES;
				CLANG_WARN_INT_CONVERSION = YES;
				CLANG_WARN_NON_LITERAL_NULL_CONVERSION = YES;
				CLANG_WARN_OBJC_IMPLICIT_RETAIN_SELF = YES;
				CLANG_WARN_OBJC_LITERAL_CONVERSION = YES;
				CLANG_WARN_OBJC_ROOT_CLASS = YES_ERROR;
				CLANG_WARN_QUOTED_INCLUDE_IN_FRAMEWORK_HEADER = YES;
				CLANG_WARN_RANGE_LOOP_ANALYSIS = YES;
				CLANG_WARN_STRICT_PROTOTYPES = YES;
				CLANG_WARN_SUSPICIOUS_MOVE = YES;
				CLANG_WARN_UNGUARDED_AVAILABILITY = YES_AGGRESSIVE;
				CLANG_WARN_UNREACHABLE_CODE = YES;
				CLANG_WARN__DUPLICATE_METHOD_MATCH = YES;
				COPY_PHASE_STRIP = NO;
				DEBUG_INFORMATION_FORMAT = "dwarf-with-dsym";
				ENABLE_NS_ASSERTIONS = NO;
				ENABLE_STRICT_OBJC_MSGSEND = YES;
				GCC_C_LANGUAGE_STANDARD = gnu11;
				GCC_NO_COMMON_BLOCKS = YES;
				GCC_WARN_64_TO_32_BIT_CONVERSION = YES;
				GCC_WARN_ABOUT_RETURN_TYPE = YES_ERROR;
				GCC_WARN_UNDECLARED_SELECTOR = YES;
				GCC_WARN_UNINITIALIZED_AUTOS = YES_AGGRESSIVE;
				GCC_WARN_UNUSED_FUNCTION = YES;
				GCC_WARN_UNUSED_VARIABLE = YES;
				MACOSX_DEPLOYMENT_TARGET = 13.3;
				MTL_ENABLE_DEBUG_INFO = NO;
				MTL_FAST_MATH = YES;
				SDKROOT = macosx;
				SWIFT_COMPILATION_MODE = wholemodule;
				SWIFT_OPTIMIZATION_LEVEL = "-O";
			};
			name = Release;
		};
		4D70D24B2A055190002E9C0A /* Debug */ = {
			isa = XCBuildConfiguration;
			buildSettings = {
				ASSETCATALOG_COMPILER_APPICON_NAME = AppIcon;
				ASSETCATALOG_COMPILER_GLOBAL_ACCENT_COLOR_NAME = AccentColor;
				CODE_SIGN_ENTITLEMENTS = "Temple Beasts/Temple_Beasts.entitlements";
				"CODE_SIGN_IDENTITY[sdk=macosx*]" = "Apple Development";
				CODE_SIGN_STYLE = Automatic;
				COMBINE_HIDPI_IMAGES = YES;
				CURRENT_PROJECT_VERSION = 1;
				DEVELOPMENT_ASSET_PATHS = "\"Temple Beasts/Preview Content\"";
				DEVELOPMENT_TEAM = 62739J54F9;
				ENABLE_HARDENED_RUNTIME = YES;
				ENABLE_PREVIEWS = YES;
				GENERATE_INFOPLIST_FILE = YES;
				INFOPLIST_FILE = "Temple-Beasts-Info.plist";
				INFOPLIST_KEY_LSApplicationCategoryType = "public.app-category.board-games";
				INFOPLIST_KEY_NSHumanReadableCopyright = "";
				INFOPLIST_KEY_UILaunchStoryboardName = LaunchScreen.storyboard;
				IPHONEOS_DEPLOYMENT_TARGET = 16.0;
				LD_RUNPATH_SEARCH_PATHS = (
					"$(inherited)",
					"@executable_path/../Frameworks",
				);
				MARKETING_VERSION = 1.0;
				PRODUCT_BUNDLE_IDENTIFIER = "Ahmet-Yusuf-Yuksek.Temple-Beasts";
				PRODUCT_NAME = "$(TARGET_NAME)";
				SUPPORTED_PLATFORMS = "iphoneos iphonesimulator";
				SUPPORTS_MACCATALYST = NO;
				SUPPORTS_MAC_DESIGNED_FOR_IPHONE_IPAD = NO;
				SWIFT_EMIT_LOC_STRINGS = YES;
				SWIFT_VERSION = 5.0;
				TARGETED_DEVICE_FAMILY = 1;
			};
			name = Debug;
		};
		4D70D24C2A055190002E9C0A /* Release */ = {
			isa = XCBuildConfiguration;
			buildSettings = {
				ASSETCATALOG_COMPILER_APPICON_NAME = AppIcon;
				ASSETCATALOG_COMPILER_GLOBAL_ACCENT_COLOR_NAME = AccentColor;
				CODE_SIGN_ENTITLEMENTS = "Temple Beasts/Temple_Beasts.entitlements";
				"CODE_SIGN_IDENTITY[sdk=macosx*]" = "Apple Development";
				CODE_SIGN_STYLE = Automatic;
				COMBINE_HIDPI_IMAGES = YES;
				CURRENT_PROJECT_VERSION = 1;
				DEVELOPMENT_ASSET_PATHS = "\"Temple Beasts/Preview Content\"";
				DEVELOPMENT_TEAM = 62739J54F9;
				ENABLE_HARDENED_RUNTIME = YES;
				ENABLE_PREVIEWS = YES;
				GENERATE_INFOPLIST_FILE = YES;
				INFOPLIST_FILE = "Temple-Beasts-Info.plist";
				INFOPLIST_KEY_LSApplicationCategoryType = "public.app-category.board-games";
				INFOPLIST_KEY_NSHumanReadableCopyright = "";
				INFOPLIST_KEY_UILaunchStoryboardName = LaunchScreen.storyboard;
				IPHONEOS_DEPLOYMENT_TARGET = 16.0;
				LD_RUNPATH_SEARCH_PATHS = (
					"$(inherited)",
					"@executable_path/../Frameworks",
				);
				MARKETING_VERSION = 1.0;
				PRODUCT_BUNDLE_IDENTIFIER = "Ahmet-Yusuf-Yuksek.Temple-Beasts";
				PRODUCT_NAME = "$(TARGET_NAME)";
				SUPPORTED_PLATFORMS = "iphoneos iphonesimulator";
				SUPPORTS_MACCATALYST = NO;
				SUPPORTS_MAC_DESIGNED_FOR_IPHONE_IPAD = NO;
				SWIFT_EMIT_LOC_STRINGS = YES;
				SWIFT_VERSION = 5.0;
				TARGETED_DEVICE_FAMILY = 1;
			};
			name = Release;
		};
/* End XCBuildConfiguration section */

/* Begin XCConfigurationList section */
		4D70D2362A05518F002E9C0A /* Build configuration list for PBXProject "Temple Beasts" */ = {
			isa = XCConfigurationList;
			buildConfigurations = (
				4D70D2482A055190002E9C0A /* Debug */,
				4D70D2492A055190002E9C0A /* Release */,
			);
			defaultConfigurationIsVisible = 0;
			defaultConfigurationName = Release;
		};
		4D70D24A2A055190002E9C0A /* Build configuration list for PBXNativeTarget "Temple Beasts" */ = {
			isa = XCConfigurationList;
			buildConfigurations = (
				4D70D24B2A055190002E9C0A /* Debug */,
				4D70D24C2A055190002E9C0A /* Release */,
			);
			defaultConfigurationIsVisible = 0;
			defaultConfigurationName = Release;
		};
/* End XCConfigurationList section */

/* Begin XCRemoteSwiftPackageReference section */
		4DE0EF2B2A1F21D80012DC18 /* XCRemoteSwiftPackageReference "PopupView" */ = {
			isa = XCRemoteSwiftPackageReference;
			repositoryURL = "https://github.com/exyte/PopupView.git";
			requirement = {
				kind = upToNextMajorVersion;
				minimumVersion = 2.0.0;
			};
		};
/* End XCRemoteSwiftPackageReference section */

/* Begin XCSwiftPackageProductDependency section */
		4DE0EF2C2A1F21D80012DC18 /* PopupView */ = {
			isa = XCSwiftPackageProductDependency;
			package = 4DE0EF2B2A1F21D80012DC18 /* XCRemoteSwiftPackageReference "PopupView" */;
			productName = PopupView;
		};
/* End XCSwiftPackageProductDependency section */
	};
	rootObject = 4D70D2332A05518F002E9C0A /* Project object */;
}
