// !$*UTF8*$!
{
	archiveVersion = 1;
	classes = {
	};
	objectVersion = 56;
	objects = {

/* Begin PBXBuildFile section */
		4D0779672ABC72EC009DE89E /* ResizeTest.swift in Sources */ = {isa = PBXBuildFile; fileRef = 4D0779662ABC72EC009DE89E /* ResizeTest.swift */; };
		4D09B08E2B80052F008B1CC1 /* ShareButtonView.swift in Sources */ = {isa = PBXBuildFile; fileRef = 4D09B08D2B80052F008B1CC1 /* ShareButtonView.swift */; };
		4D09B0902B801BE3008B1CC1 /* SubsTest.swift in Sources */ = {isa = PBXBuildFile; fileRef = 4D09B08F2B801BE3008B1CC1 /* SubsTest.swift */; };
		4D09B0982B81BAFE008B1CC1 /* story.mp4 in Resources */ = {isa = PBXBuildFile; fileRef = 4D09B0972B81BAFE008B1CC1 /* story.mp4 */; };
		4D0F069A2A48D60C00B53823 /* SoundManager.swift in Sources */ = {isa = PBXBuildFile; fileRef = 4D0F06992A48D60C00B53823 /* SoundManager.swift */; };
		4D0F06A52A48EBB800B53823 /* victory3.wav in Resources */ = {isa = PBXBuildFile; fileRef = 4D0F06A42A48EBB800B53823 /* victory3.wav */; };
		4D15F0B62A0C31AB00539383 /* BoardView.swift in Sources */ = {isa = PBXBuildFile; fileRef = 4D15F0B52A0C31AB00539383 /* BoardView.swift */; };
		4D15F0B82A0C355E00539383 /* GameView.swift in Sources */ = {isa = PBXBuildFile; fileRef = 4D15F0B72A0C355E00539383 /* GameView.swift */; };
		4D15F0BB2A0C37BE00539383 /* CellView.swift in Sources */ = {isa = PBXBuildFile; fileRef = 4D15F0BA2A0C37BE00539383 /* CellView.swift */; };
		4D20A7642B519E02000F2D8B /* PopUpWinView.swift in Sources */ = {isa = PBXBuildFile; fileRef = 4D20A7632B519E02000F2D8B /* PopUpWinView.swift */; };
		4D20A7662B530B84000F2D8B /* PopUpHeartView.swift in Sources */ = {isa = PBXBuildFile; fileRef = 4D20A7652B530B84000F2D8B /* PopUpHeartView.swift */; };
		4D20A7682B531C22000F2D8B /* SwiftUIView.swift in Sources */ = {isa = PBXBuildFile; fileRef = 4D20A7672B531C22000F2D8B /* SwiftUIView.swift */; };
		4D20A76A2B5496A9000F2D8B /* SealedMapView.swift in Sources */ = {isa = PBXBuildFile; fileRef = 4D20A7692B5496A9000F2D8B /* SealedMapView.swift */; };
		4D231DDB2AB08F7700F2D12A /* CellState.swift in Sources */ = {isa = PBXBuildFile; fileRef = 4D231DDA2AB08F7700F2D12A /* CellState.swift */; };
		4D231DDD2AB08FA300F2D12A /* Move.swift in Sources */ = {isa = PBXBuildFile; fileRef = 4D231DDC2AB08FA300F2D12A /* Move.swift */; };
		4D231DDF2AB4E05A00F2D12A /* TextView.swift in Sources */ = {isa = PBXBuildFile; fileRef = 4D231DDE2AB4E05A00F2D12A /* TextView.swift */; };
		4D231DE12AB4E48C00F2D12A /* ButtonView.swift in Sources */ = {isa = PBXBuildFile; fileRef = 4D231DE02AB4E48C00F2D12A /* ButtonView.swift */; };
		4D231DE42AB4FB9C00F2D12A /* Localizable.strings in Resources */ = {isa = PBXBuildFile; fileRef = 4D231DE62AB4FB9C00F2D12A /* Localizable.strings */; };
		4D231DEC2AB4FE1C00F2D12A /* AppLanguageManager.swift in Sources */ = {isa = PBXBuildFile; fileRef = 4D231DEB2AB4FE1C00F2D12A /* AppLanguageManager.swift */; };
		4D231DF02AB56E5900F2D12A /* MatchmakingPopupView.swift in Sources */ = {isa = PBXBuildFile; fileRef = 4D231DEF2AB56E5900F2D12A /* MatchmakingPopupView.swift */; };
		4D2B388E2A54C5EB00DA7D8F /* CountDownView.swift in Sources */ = {isa = PBXBuildFile; fileRef = 4D2B388D2A54C5EB00DA7D8F /* CountDownView.swift */; };
		4D2B38922A54D22D00DA7D8F /* Tricky Jimmy.ttf in Resources */ = {isa = PBXBuildFile; fileRef = 4D2B38912A54D22D00DA7D8F /* Tricky Jimmy.ttf */; };
		4D2B38942A54D7EB00DA7D8F /* soundtrack.wav in Resources */ = {isa = PBXBuildFile; fileRef = 4D2B38932A54D7EB00DA7D8F /* soundtrack.wav */; };
		4D2B38962A54D81400DA7D8F /* move.wav in Resources */ = {isa = PBXBuildFile; fileRef = 4D2B38952A54D81300DA7D8F /* move.wav */; };
		4D2B38982A54D84A00DA7D8F /* convert.wav in Resources */ = {isa = PBXBuildFile; fileRef = 4D2B38972A54D84A00DA7D8F /* convert.wav */; };
		4D325A642B89653D007F2161 /* Ext+NavigationStock.swift in Sources */ = {isa = PBXBuildFile; fileRef = 4D325A632B89653D007F2161 /* Ext+NavigationStock.swift */; };
		4D42DC132A55DE6B00E8809C /* GameCenterManager.swift in Sources */ = {isa = PBXBuildFile; fileRef = 4D42DC122A55DE6B00E8809C /* GameCenterManager.swift */; };
		4D4419342A896E80007293F0 /* redActiveAnimation.json in Resources */ = {isa = PBXBuildFile; fileRef = 4D4419332A896E80007293F0 /* redActiveAnimation.json */; };
		4D4506EC2A7D14B400585259 /* SlideView.swift in Sources */ = {isa = PBXBuildFile; fileRef = 4D4506EB2A7D14B400585259 /* SlideView.swift */; };
		4D457DAF2A85594A00E0FB34 /* LaunchScreen.storyboard in Resources */ = {isa = PBXBuildFile; fileRef = 4D457DAE2A85594A00E0FB34 /* LaunchScreen.storyboard */; };
		4D4EEF232B8A73B500AA2DC5 /* NavigationCoordinator.swift in Sources */ = {isa = PBXBuildFile; fileRef = 4D4EEF222B8A73B500AA2DC5 /* NavigationCoordinator.swift */; };
		4D4EEF292B8B118000AA2DC5 /* testui.swift in Sources */ = {isa = PBXBuildFile; fileRef = 4D4EEF282B8B118000AA2DC5 /* testui.swift */; };
		4D4F35C62B1D7AC6009CBC48 /* RevenueCat in Frameworks */ = {isa = PBXBuildFile; productRef = 4D4F35C52B1D7AC6009CBC48 /* RevenueCat */; };
		4D4F35C82B1D7AC6009CBC48 /* RevenueCatUI in Frameworks */ = {isa = PBXBuildFile; productRef = 4D4F35C72B1D7AC6009CBC48 /* RevenueCatUI */; };
		4D4F35CA2B1D7BCC009CBC48 /* lose.mp3 in Resources */ = {isa = PBXBuildFile; fileRef = 4D4F35C92B1D7BCC009CBC48 /* lose.mp3 */; };
		4D4F35CC2B1D83D3009CBC48 /* Red guy fail.json in Resources */ = {isa = PBXBuildFile; fileRef = 4D4F35CB2B1D83D3009CBC48 /* Red guy fail.json */; };
		4D5E69462AB9CD030089CAB6 /* CreditView.swift in Sources */ = {isa = PBXBuildFile; fileRef = 4D5E69452AB9CD030089CAB6 /* CreditView.swift */; };
		4D5FB6A12B760CD100776CBB /* SwiftUIIntrospect in Frameworks */ = {isa = PBXBuildFile; productRef = 4D5FB6A02B760CD100776CBB /* SwiftUIIntrospect */; };
		4D5FB6A32B760E2B00776CBB /* SwiftUIIntrospect in Frameworks */ = {isa = PBXBuildFile; productRef = 4D5FB6A22B760E2B00776CBB /* SwiftUIIntrospect */; };
		4D5FB6A52B760E2B00776CBB /* SwiftUIIntrospect-Static in Frameworks */ = {isa = PBXBuildFile; productRef = 4D5FB6A42B760E2B00776CBB /* SwiftUIIntrospect-Static */; };
		4D5FB6A72B760EA300776CBB /* SwiftUIIntrospect in Frameworks */ = {isa = PBXBuildFile; productRef = 4D5FB6A62B760EA300776CBB /* SwiftUIIntrospect */; };
		4D5FB6AB2B760EA300776CBB /* SwiftUIIntrospect-Static in Frameworks */ = {isa = PBXBuildFile; productRef = 4D5FB6AA2B760EA300776CBB /* SwiftUIIntrospect-Static */; };
		4D5FB6B02B76C5C400776CBB /* Ext+String.swift in Sources */ = {isa = PBXBuildFile; fileRef = 4D5FB6AF2B76C5C400776CBB /* Ext+String.swift */; };
		4D5FB6B32B76E45700776CBB /* ScrollableView.swift in Sources */ = {isa = PBXBuildFile; fileRef = 4D5FB6B22B76E45700776CBB /* ScrollableView.swift */; };
		4D5FB6B52B76E55700776CBB /* victory.mp3 in Resources */ = {isa = PBXBuildFile; fileRef = 4D5FB6B42B76E55700776CBB /* victory.mp3 */; };
		4D60E70E2B1BCB0200762875 /* HeartStatusView.swift in Sources */ = {isa = PBXBuildFile; fileRef = 4D60E70D2B1BCB0200762875 /* HeartStatusView.swift */; };
		4D60E7102B1BCD7700762875 /* logo2.json in Resources */ = {isa = PBXBuildFile; fileRef = 4D60E70F2B1BCD7700762875 /* logo2.json */; };
		4D60E7122B1C3C4600762875 /* Red Guy Win.json in Resources */ = {isa = PBXBuildFile; fileRef = 4D60E7112B1C3C4600762875 /* Red Guy Win.json */; };
		4D6401262A89D95E00917EC8 /* Lottie in Frameworks */ = {isa = PBXBuildFile; productRef = 4D6401252A89D95E00917EC8 /* Lottie */; };
		4D6401282A89DB5A00917EC8 /* gemBlue-deselect.json in Resources */ = {isa = PBXBuildFile; fileRef = 4D6401272A89DB5A00917EC8 /* gemBlue-deselect.json */; };
		4D64012A2A89DB7000917EC8 /* gemBlue-select.json in Resources */ = {isa = PBXBuildFile; fileRef = 4D6401292A89DB7000917EC8 /* gemBlue-select.json */; };
		4D6401302A89F24500917EC8 /* blueToRed.json in Resources */ = {isa = PBXBuildFile; fileRef = 4D64012F2A89F24500917EC8 /* blueToRed.json */; };
		4D6401322A89F52900917EC8 /* redToBlue.json in Resources */ = {isa = PBXBuildFile; fileRef = 4D6401312A89F52900917EC8 /* redToBlue.json */; };
		4D6963A02A7A57E70096D805 /* HowToPlayView.swift in Sources */ = {isa = PBXBuildFile; fileRef = 4D69639F2A7A57E70096D805 /* HowToPlayView.swift */; };
		4D6963A22A7A5C940096D805 /* InfoTabView.swift in Sources */ = {isa = PBXBuildFile; fileRef = 4D6963A12A7A5C940096D805 /* InfoTabView.swift */; };
		4D70D23F2A05518F002E9C0A /* Jungle_SpiritsApp.swift in Sources */ = {isa = PBXBuildFile; fileRef = 4D70D23E2A05518F002E9C0A /* Jungle_SpiritsApp.swift */; };
		4D70D2432A055190002E9C0A /* Assets.xcassets in Resources */ = {isa = PBXBuildFile; fileRef = 4D70D2422A055190002E9C0A /* Assets.xcassets */; };
		4D70D2462A055190002E9C0A /* Preview Assets.xcassets in Resources */ = {isa = PBXBuildFile; fileRef = 4D70D2452A055190002E9C0A /* Preview Assets.xcassets */; };
		4D70D2512A0555D5002E9C0A /* Board.swift in Sources */ = {isa = PBXBuildFile; fileRef = 4D70D2502A0555D5002E9C0A /* Board.swift */; };
		4D70D2532A055910002E9C0A /* PlayerView.swift in Sources */ = {isa = PBXBuildFile; fileRef = 4D70D2522A055910002E9C0A /* PlayerView.swift */; };
		4D83E84F2A8AA717003A57BB /* blueDefault.json in Resources */ = {isa = PBXBuildFile; fileRef = 4D83E84E2A8AA717003A57BB /* blueDefault.json */; };
		4D83E8512A8AA71D003A57BB /* redDefault.json in Resources */ = {isa = PBXBuildFile; fileRef = 4D83E8502A8AA71D003A57BB /* redDefault.json */; };
		4D83E8552A8D3AFC003A57BB /* particles.json in Resources */ = {isa = PBXBuildFile; fileRef = 4D83E8542A8D3AFC003A57BB /* particles.json */; };
		4D84BBB32B8D9E2700AE2638 /* Yasir -Speech BubbleRegular.otf in Resources */ = {isa = PBXBuildFile; fileRef = 4D84BBB22B8D9E2700AE2638 /* Yasir -Speech BubbleRegular.otf */; };
		4D84F5D52A30BF5100B6E35C /* GameType.swift in Sources */ = {isa = PBXBuildFile; fileRef = 4D84F5D42A30BF5100B6E35C /* GameType.swift */; };
		4D8C8C2C2B1E663000FAC725 /* Pow in Frameworks */ = {isa = PBXBuildFile; productRef = 4D8C8C2B2B1E663000FAC725 /* Pow */; };
		4D930D462A897107006D139B /* LottieView.swift in Sources */ = {isa = PBXBuildFile; fileRef = 4D930D452A897107006D139B /* LottieView.swift */; };
		4D930D482A897467006D139B /* redNonActiveAnimation.json in Resources */ = {isa = PBXBuildFile; fileRef = 4D930D472A897467006D139B /* redNonActiveAnimation.json */; };
		4D9518792A50A58100ED284D /* WinView.swift in Sources */ = {isa = PBXBuildFile; fileRef = 4D9518782A50A58100ED284D /* WinView.swift */; };
		4D95187D2A50C5B100ED284D /* HapticManager.swift in Sources */ = {isa = PBXBuildFile; fileRef = 4D95187C2A50C5B100ED284D /* HapticManager.swift */; };
		4DA0C7CA2AFF291C00DDEE99 /* GameLevel.swift in Sources */ = {isa = PBXBuildFile; fileRef = 4DA0C7C92AFF291C00DDEE99 /* GameLevel.swift */; };
		4DA0C7CC2AFF293700DDEE99 /* LevelMapView.swift in Sources */ = {isa = PBXBuildFile; fileRef = 4DA0C7CB2AFF293700DDEE99 /* LevelMapView.swift */; };
		4DA0C7CE2B05C28600DDEE99 /* MapsTabView.swift in Sources */ = {isa = PBXBuildFile; fileRef = 4DA0C7CD2B05C28600DDEE99 /* MapsTabView.swift */; };
		4DA0C7D02B05CF4100DDEE99 /* VideoPlayerView.swift in Sources */ = {isa = PBXBuildFile; fileRef = 4DA0C7CF2B05CF4100DDEE99 /* VideoPlayerView.swift */; };
		4DA579EC2A1AA4D700C989BE /* PauseMenuView.swift in Sources */ = {isa = PBXBuildFile; fileRef = 4DA579EB2A1AA4D700C989BE /* PauseMenuView.swift */; };
		4DA829C72AB744B9008FE05D /* TempleGems-Regular.otf in Resources */ = {isa = PBXBuildFile; fileRef = 4DA829C62AB744B9008FE05D /* TempleGems-Regular.otf */; };
		4DC62BFA2A1A73F700CD2007 /* MenuView.swift in Sources */ = {isa = PBXBuildFile; fileRef = 4DC62BF92A1A73F700CD2007 /* MenuView.swift */; };
		4DD2BC522B78149000CD246B /* AmplitudeSwift in Frameworks */ = {isa = PBXBuildFile; productRef = 4DD2BC512B78149000CD246B /* AmplitudeSwift */; };
		4DD2BC542B781FCB00CD246B /* AppSessionManager.swift in Sources */ = {isa = PBXBuildFile; fileRef = 4DD2BC532B781FCB00CD246B /* AppSessionManager.swift */; };
		4DD2BC572B7827EA00CD246B /* GoogleMobileAds in Frameworks */ = {isa = PBXBuildFile; productRef = 4DD2BC562B7827EA00CD246B /* GoogleMobileAds */; };
		4DD2BC5B2B78324900CD246B /* AdBannerView.swift in Sources */ = {isa = PBXBuildFile; fileRef = 4DD2BC5A2B78324900CD246B /* AdBannerView.swift */; };
		4DD2BC5D2B7832BD00CD246B /* AdView.swift in Sources */ = {isa = PBXBuildFile; fileRef = 4DD2BC5C2B7832BD00CD246B /* AdView.swift */; };
		4DD2BC642B78670C00CD246B /* Jungle-Spirits-Info.plist in Resources */ = {isa = PBXBuildFile; fileRef = 4DD2BC632B78670C00CD246B /* Jungle-Spirits-Info.plist */; };
		4DD4B5FF2A8F29EB004085B0 /* logo.json in Resources */ = {isa = PBXBuildFile; fileRef = 4DD4B5FE2A8F29EB004085B0 /* logo.json */; };
		4DD7C1632A896B7D005B34BE /* countdown.mp3 in Resources */ = {isa = PBXBuildFile; fileRef = 4DD7C1622A896B7D005B34BE /* countdown.mp3 */; };
		4DED05512A31402900B2362A /* TimeBarView.swift in Sources */ = {isa = PBXBuildFile; fileRef = 4DED05502A31402900B2362A /* TimeBarView.swift */; };
		4DED05532A31413600B2362A /* PieceCountView.swift in Sources */ = {isa = PBXBuildFile; fileRef = 4DED05522A31413600B2362A /* PieceCountView.swift */; };
		4DED05592A3145D400B2362A /* CustomToggleView.swift in Sources */ = {isa = PBXBuildFile; fileRef = 4DED05582A3145D400B2362A /* CustomToggleView.swift */; };
		4DED055B2A3147D500B2362A /* PauseMenuIconView.swift in Sources */ = {isa = PBXBuildFile; fileRef = 4DED055A2A3147D500B2362A /* PauseMenuIconView.swift */; };
		4DED055C2A31494800B2362A /* Watermelon-Regular.otf in Resources */ = {isa = PBXBuildFile; fileRef = 4DED05562A31449100B2362A /* Watermelon-Regular.otf */; };
		4DF554062B86A969000DAF49 /* TutorialView.swift in Sources */ = {isa = PBXBuildFile; fileRef = 4DF554052B86A969000DAF49 /* TutorialView.swift */; };
		4DF554082B86E9F2000DAF49 /* TutorialStep.swift in Sources */ = {isa = PBXBuildFile; fileRef = 4DF554072B86E9F2000DAF49 /* TutorialStep.swift */; };
		4DF5540A2B880FA0000DAF49 /* HeartManager.swift in Sources */ = {isa = PBXBuildFile; fileRef = 4DF554092B880FA0000DAF49 /* HeartManager.swift */; };
		4DFC29EC2A5817A500AAE8DE /* GameCenterView.swift in Sources */ = {isa = PBXBuildFile; fileRef = 4DFC29EB2A5817A500AAE8DE /* GameCenterView.swift */; };
		4DFE9A022B087242003FA745 /* HeartView.swift in Sources */ = {isa = PBXBuildFile; fileRef = 4DFE9A012B087242003FA745 /* HeartView.swift */; };
/* End PBXBuildFile section */

/* Begin PBXCopyFilesBuildPhase section */
		4D5FB6AD2B760EBB00776CBB /* Embed Frameworks */ = {
			isa = PBXCopyFilesBuildPhase;
			buildActionMask = 2147483647;
			dstPath = "";
			dstSubfolderSpec = 10;
			files = (
			);
			name = "Embed Frameworks";
			runOnlyForDeploymentPostprocessing = 0;
		};
/* End PBXCopyFilesBuildPhase section */

/* Begin PBXFileReference section */
		4D0779662ABC72EC009DE89E /* ResizeTest.swift */ = {isa = PBXFileReference; lastKnownFileType = sourcecode.swift; path = ResizeTest.swift; sourceTree = "<group>"; };
		4D09B08D2B80052F008B1CC1 /* ShareButtonView.swift */ = {isa = PBXFileReference; lastKnownFileType = sourcecode.swift; path = ShareButtonView.swift; sourceTree = "<group>"; };
		4D09B08F2B801BE3008B1CC1 /* SubsTest.swift */ = {isa = PBXFileReference; lastKnownFileType = sourcecode.swift; path = SubsTest.swift; sourceTree = "<group>"; };
		4D09B0972B81BAFE008B1CC1 /* story.mp4 */ = {isa = PBXFileReference; lastKnownFileType = file; path = story.mp4; sourceTree = "<group>"; };
		4D0F06992A48D60C00B53823 /* SoundManager.swift */ = {isa = PBXFileReference; lastKnownFileType = sourcecode.swift; path = SoundManager.swift; sourceTree = "<group>"; };
		4D0F06A42A48EBB800B53823 /* victory3.wav */ = {isa = PBXFileReference; lastKnownFileType = audio.wav; path = victory3.wav; sourceTree = "<group>"; };
		4D15F0B52A0C31AB00539383 /* BoardView.swift */ = {isa = PBXFileReference; lastKnownFileType = sourcecode.swift; path = BoardView.swift; sourceTree = "<group>"; };
		4D15F0B72A0C355E00539383 /* GameView.swift */ = {isa = PBXFileReference; lastKnownFileType = sourcecode.swift; path = GameView.swift; sourceTree = "<group>"; };
		4D15F0BA2A0C37BE00539383 /* CellView.swift */ = {isa = PBXFileReference; lastKnownFileType = sourcecode.swift; path = CellView.swift; sourceTree = "<group>"; };
		4D20A7632B519E02000F2D8B /* PopUpWinView.swift */ = {isa = PBXFileReference; lastKnownFileType = sourcecode.swift; path = PopUpWinView.swift; sourceTree = "<group>"; };
		4D20A7652B530B84000F2D8B /* PopUpHeartView.swift */ = {isa = PBXFileReference; lastKnownFileType = sourcecode.swift; path = PopUpHeartView.swift; sourceTree = "<group>"; };
		4D20A7672B531C22000F2D8B /* SwiftUIView.swift */ = {isa = PBXFileReference; lastKnownFileType = sourcecode.swift; path = SwiftUIView.swift; sourceTree = "<group>"; };
		4D20A7692B5496A9000F2D8B /* SealedMapView.swift */ = {isa = PBXFileReference; lastKnownFileType = sourcecode.swift; path = SealedMapView.swift; sourceTree = "<group>"; };
		4D231DDA2AB08F7700F2D12A /* CellState.swift */ = {isa = PBXFileReference; lastKnownFileType = sourcecode.swift; path = CellState.swift; sourceTree = "<group>"; };
		4D231DDC2AB08FA300F2D12A /* Move.swift */ = {isa = PBXFileReference; lastKnownFileType = sourcecode.swift; path = Move.swift; sourceTree = "<group>"; };
		4D231DDE2AB4E05A00F2D12A /* TextView.swift */ = {isa = PBXFileReference; lastKnownFileType = sourcecode.swift; path = TextView.swift; sourceTree = "<group>"; };
		4D231DE02AB4E48C00F2D12A /* ButtonView.swift */ = {isa = PBXFileReference; lastKnownFileType = sourcecode.swift; path = ButtonView.swift; sourceTree = "<group>"; };
		4D231DE52AB4FB9C00F2D12A /* en */ = {isa = PBXFileReference; lastKnownFileType = text.plist.strings; name = en; path = en.lproj/Localizable.strings; sourceTree = "<group>"; };
		4D231DE72AB4FB9F00F2D12A /* fr */ = {isa = PBXFileReference; lastKnownFileType = text.plist.strings; name = fr; path = fr.lproj/Localizable.strings; sourceTree = "<group>"; };
		4D231DE82AB4FBA800F2D12A /* de */ = {isa = PBXFileReference; lastKnownFileType = text.plist.strings; name = de; path = de.lproj/Localizable.strings; sourceTree = "<group>"; };
		4D231DE92AB4FBA800F2D12A /* tr */ = {isa = PBXFileReference; lastKnownFileType = text.plist.strings; name = tr; path = tr.lproj/Localizable.strings; sourceTree = "<group>"; };
		4D231DEA2AB4FC1E00F2D12A /* es */ = {isa = PBXFileReference; lastKnownFileType = text.plist.strings; name = es; path = es.lproj/Localizable.strings; sourceTree = "<group>"; };
		4D231DEB2AB4FE1C00F2D12A /* AppLanguageManager.swift */ = {isa = PBXFileReference; lastKnownFileType = sourcecode.swift; path = AppLanguageManager.swift; sourceTree = "<group>"; };
		4D231DEF2AB56E5900F2D12A /* MatchmakingPopupView.swift */ = {isa = PBXFileReference; lastKnownFileType = sourcecode.swift; path = MatchmakingPopupView.swift; sourceTree = "<group>"; };
		4D2B388D2A54C5EB00DA7D8F /* CountDownView.swift */ = {isa = PBXFileReference; lastKnownFileType = sourcecode.swift; path = CountDownView.swift; sourceTree = "<group>"; };
		4D2B38912A54D22D00DA7D8F /* Tricky Jimmy.ttf */ = {isa = PBXFileReference; lastKnownFileType = file; path = "Tricky Jimmy.ttf"; sourceTree = "<group>"; };
		4D2B38932A54D7EB00DA7D8F /* soundtrack.wav */ = {isa = PBXFileReference; lastKnownFileType = audio.wav; path = soundtrack.wav; sourceTree = "<group>"; };
		4D2B38952A54D81300DA7D8F /* move.wav */ = {isa = PBXFileReference; lastKnownFileType = audio.wav; path = move.wav; sourceTree = "<group>"; };
		4D2B38972A54D84A00DA7D8F /* convert.wav */ = {isa = PBXFileReference; lastKnownFileType = audio.wav; path = convert.wav; sourceTree = "<group>"; };
		4D325A632B89653D007F2161 /* Ext+NavigationStock.swift */ = {isa = PBXFileReference; lastKnownFileType = sourcecode.swift; path = "Ext+NavigationStock.swift"; sourceTree = "<group>"; };
		4D42DC122A55DE6B00E8809C /* GameCenterManager.swift */ = {isa = PBXFileReference; lastKnownFileType = sourcecode.swift; path = GameCenterManager.swift; sourceTree = "<group>"; };
		4D4419332A896E80007293F0 /* redActiveAnimation.json */ = {isa = PBXFileReference; fileEncoding = 4; lastKnownFileType = text.json; path = redActiveAnimation.json; sourceTree = "<group>"; };
		4D4506EB2A7D14B400585259 /* SlideView.swift */ = {isa = PBXFileReference; lastKnownFileType = sourcecode.swift; path = SlideView.swift; sourceTree = "<group>"; };
		4D457DAE2A85594A00E0FB34 /* LaunchScreen.storyboard */ = {isa = PBXFileReference; lastKnownFileType = file.storyboard; path = LaunchScreen.storyboard; sourceTree = "<group>"; };
		4D4EEF212B8A6AD900AA2DC5 /* Jungle_Spirits.entitlements */ = {isa = PBXFileReference; fileEncoding = 4; lastKnownFileType = text.plist.entitlements; path = Jungle_Spirits.entitlements; sourceTree = "<group>"; };
		4D4EEF222B8A73B500AA2DC5 /* NavigationCoordinator.swift */ = {isa = PBXFileReference; lastKnownFileType = sourcecode.swift; path = NavigationCoordinator.swift; sourceTree = "<group>"; };
		4D4EEF282B8B118000AA2DC5 /* testui.swift */ = {isa = PBXFileReference; lastKnownFileType = sourcecode.swift; path = testui.swift; sourceTree = "<group>"; };
		4D4F35C92B1D7BCC009CBC48 /* lose.mp3 */ = {isa = PBXFileReference; lastKnownFileType = audio.mp3; path = lose.mp3; sourceTree = "<group>"; };
		4D4F35CB2B1D83D3009CBC48 /* Red guy fail.json */ = {isa = PBXFileReference; fileEncoding = 4; lastKnownFileType = text.json; path = "Red guy fail.json"; sourceTree = "<group>"; };
		4D5E69452AB9CD030089CAB6 /* CreditView.swift */ = {isa = PBXFileReference; lastKnownFileType = sourcecode.swift; path = CreditView.swift; sourceTree = "<group>"; };
		4D5FB6AF2B76C5C400776CBB /* Ext+String.swift */ = {isa = PBXFileReference; lastKnownFileType = sourcecode.swift; path = "Ext+String.swift"; sourceTree = "<group>"; };
		4D5FB6B12B76D7E000776CBB /* zh-Hans */ = {isa = PBXFileReference; lastKnownFileType = text.plist.strings; name = "zh-Hans"; path = "zh-Hans.lproj/Localizable.strings"; sourceTree = "<group>"; };
		4D5FB6B22B76E45700776CBB /* ScrollableView.swift */ = {isa = PBXFileReference; lastKnownFileType = sourcecode.swift; path = ScrollableView.swift; sourceTree = "<group>"; };
		4D5FB6B42B76E55700776CBB /* victory.mp3 */ = {isa = PBXFileReference; lastKnownFileType = audio.mp3; path = victory.mp3; sourceTree = "<group>"; };
		4D60E70D2B1BCB0200762875 /* HeartStatusView.swift */ = {isa = PBXFileReference; lastKnownFileType = sourcecode.swift; path = HeartStatusView.swift; sourceTree = "<group>"; };
		4D60E70F2B1BCD7700762875 /* logo2.json */ = {isa = PBXFileReference; fileEncoding = 4; lastKnownFileType = text.json; path = logo2.json; sourceTree = "<group>"; };
		4D60E7112B1C3C4600762875 /* Red Guy Win.json */ = {isa = PBXFileReference; fileEncoding = 4; lastKnownFileType = text.json; path = "Red Guy Win.json"; sourceTree = "<group>"; };
		4D6401272A89DB5A00917EC8 /* gemBlue-deselect.json */ = {isa = PBXFileReference; fileEncoding = 4; lastKnownFileType = text.json; path = "gemBlue-deselect.json"; sourceTree = "<group>"; };
		4D6401292A89DB7000917EC8 /* gemBlue-select.json */ = {isa = PBXFileReference; fileEncoding = 4; lastKnownFileType = text.json; path = "gemBlue-select.json"; sourceTree = "<group>"; };
		4D64012F2A89F24500917EC8 /* blueToRed.json */ = {isa = PBXFileReference; fileEncoding = 4; lastKnownFileType = text.json; path = blueToRed.json; sourceTree = "<group>"; };
		4D6401312A89F52900917EC8 /* redToBlue.json */ = {isa = PBXFileReference; fileEncoding = 4; lastKnownFileType = text.json; path = redToBlue.json; sourceTree = "<group>"; };
		4D69639F2A7A57E70096D805 /* HowToPlayView.swift */ = {isa = PBXFileReference; lastKnownFileType = sourcecode.swift; path = HowToPlayView.swift; sourceTree = "<group>"; };
		4D6963A12A7A5C940096D805 /* InfoTabView.swift */ = {isa = PBXFileReference; lastKnownFileType = sourcecode.swift; path = InfoTabView.swift; sourceTree = "<group>"; };
		4D70D23B2A05518F002E9C0A /* Jungle Spirits.app */ = {isa = PBXFileReference; explicitFileType = wrapper.application; includeInIndex = 0; path = "Jungle Spirits.app"; sourceTree = BUILT_PRODUCTS_DIR; };
		4D70D23E2A05518F002E9C0A /* Jungle_SpiritsApp.swift */ = {isa = PBXFileReference; lastKnownFileType = sourcecode.swift; path = Jungle_SpiritsApp.swift; sourceTree = "<group>"; };
		4D70D2422A055190002E9C0A /* Assets.xcassets */ = {isa = PBXFileReference; lastKnownFileType = folder.assetcatalog; path = Assets.xcassets; sourceTree = "<group>"; };
		4D70D2452A055190002E9C0A /* Preview Assets.xcassets */ = {isa = PBXFileReference; lastKnownFileType = folder.assetcatalog; path = "Preview Assets.xcassets"; sourceTree = "<group>"; };
		4D70D2502A0555D5002E9C0A /* Board.swift */ = {isa = PBXFileReference; lastKnownFileType = sourcecode.swift; path = Board.swift; sourceTree = "<group>"; };
		4D70D2522A055910002E9C0A /* PlayerView.swift */ = {isa = PBXFileReference; lastKnownFileType = sourcecode.swift; path = PlayerView.swift; sourceTree = "<group>"; };
		4D83E84E2A8AA717003A57BB /* blueDefault.json */ = {isa = PBXFileReference; fileEncoding = 4; lastKnownFileType = text.json; path = blueDefault.json; sourceTree = "<group>"; };
		4D83E8502A8AA71D003A57BB /* redDefault.json */ = {isa = PBXFileReference; fileEncoding = 4; lastKnownFileType = text.json; path = redDefault.json; sourceTree = "<group>"; };
		4D83E8542A8D3AFC003A57BB /* particles.json */ = {isa = PBXFileReference; fileEncoding = 4; lastKnownFileType = text.json; path = particles.json; sourceTree = "<group>"; };
		4D84BBB22B8D9E2700AE2638 /* Yasir -Speech BubbleRegular.otf */ = {isa = PBXFileReference; lastKnownFileType = file; name = "Yasir -Speech BubbleRegular.otf"; path = "../../../../../Downloads/Yasir -Speech BubbleRegular.otf"; sourceTree = "<group>"; };
		4D84F5D42A30BF5100B6E35C /* GameType.swift */ = {isa = PBXFileReference; lastKnownFileType = sourcecode.swift; path = GameType.swift; sourceTree = "<group>"; };
		4D930D452A897107006D139B /* LottieView.swift */ = {isa = PBXFileReference; lastKnownFileType = sourcecode.swift; path = LottieView.swift; sourceTree = "<group>"; };
		4D930D472A897467006D139B /* redNonActiveAnimation.json */ = {isa = PBXFileReference; fileEncoding = 4; lastKnownFileType = text.json; path = redNonActiveAnimation.json; sourceTree = "<group>"; };
		4D9518782A50A58100ED284D /* WinView.swift */ = {isa = PBXFileReference; lastKnownFileType = sourcecode.swift; path = WinView.swift; sourceTree = "<group>"; };
		4D95187C2A50C5B100ED284D /* HapticManager.swift */ = {isa = PBXFileReference; lastKnownFileType = sourcecode.swift; path = HapticManager.swift; sourceTree = "<group>"; };
		4DA0C7C92AFF291C00DDEE99 /* GameLevel.swift */ = {isa = PBXFileReference; lastKnownFileType = sourcecode.swift; path = GameLevel.swift; sourceTree = "<group>"; };
		4DA0C7CB2AFF293700DDEE99 /* LevelMapView.swift */ = {isa = PBXFileReference; lastKnownFileType = sourcecode.swift; path = LevelMapView.swift; sourceTree = "<group>"; };
		4DA0C7CD2B05C28600DDEE99 /* MapsTabView.swift */ = {isa = PBXFileReference; lastKnownFileType = sourcecode.swift; path = MapsTabView.swift; sourceTree = "<group>"; };
		4DA0C7CF2B05CF4100DDEE99 /* VideoPlayerView.swift */ = {isa = PBXFileReference; lastKnownFileType = sourcecode.swift; path = VideoPlayerView.swift; sourceTree = "<group>"; };
		4DA579EB2A1AA4D700C989BE /* PauseMenuView.swift */ = {isa = PBXFileReference; lastKnownFileType = sourcecode.swift; path = PauseMenuView.swift; sourceTree = "<group>"; };
		4DA829C62AB744B9008FE05D /* TempleGems-Regular.otf */ = {isa = PBXFileReference; lastKnownFileType = file; path = "TempleGems-Regular.otf"; sourceTree = "<group>"; };
		4DC62BF92A1A73F700CD2007 /* MenuView.swift */ = {isa = PBXFileReference; lastKnownFileType = sourcecode.swift; path = MenuView.swift; sourceTree = "<group>"; };
		4DD2BC532B781FCB00CD246B /* AppSessionManager.swift */ = {isa = PBXFileReference; lastKnownFileType = sourcecode.swift; path = AppSessionManager.swift; sourceTree = "<group>"; };
		4DD2BC5A2B78324900CD246B /* AdBannerView.swift */ = {isa = PBXFileReference; lastKnownFileType = sourcecode.swift; path = AdBannerView.swift; sourceTree = "<group>"; };
		4DD2BC5C2B7832BD00CD246B /* AdView.swift */ = {isa = PBXFileReference; lastKnownFileType = sourcecode.swift; path = AdView.swift; sourceTree = "<group>"; };
		4DD2BC632B78670C00CD246B /* Jungle-Spirits-Info.plist */ = {isa = PBXFileReference; lastKnownFileType = text.plist.xml; path = "Jungle-Spirits-Info.plist"; sourceTree = SOURCE_ROOT; };
		4DD4B5FE2A8F29EB004085B0 /* logo.json */ = {isa = PBXFileReference; fileEncoding = 4; lastKnownFileType = text.json; path = logo.json; sourceTree = "<group>"; };
		4DD7C1622A896B7D005B34BE /* countdown.mp3 */ = {isa = PBXFileReference; lastKnownFileType = audio.mp3; path = countdown.mp3; sourceTree = "<group>"; };
		4DED05502A31402900B2362A /* TimeBarView.swift */ = {isa = PBXFileReference; lastKnownFileType = sourcecode.swift; path = TimeBarView.swift; sourceTree = "<group>"; };
		4DED05522A31413600B2362A /* PieceCountView.swift */ = {isa = PBXFileReference; lastKnownFileType = sourcecode.swift; path = PieceCountView.swift; sourceTree = "<group>"; };
		4DED05562A31449100B2362A /* Watermelon-Regular.otf */ = {isa = PBXFileReference; lastKnownFileType = file; path = "Watermelon-Regular.otf"; sourceTree = "<group>"; };
		4DED05582A3145D400B2362A /* CustomToggleView.swift */ = {isa = PBXFileReference; lastKnownFileType = sourcecode.swift; path = CustomToggleView.swift; sourceTree = "<group>"; };
		4DED055A2A3147D500B2362A /* PauseMenuIconView.swift */ = {isa = PBXFileReference; lastKnownFileType = sourcecode.swift; path = PauseMenuIconView.swift; sourceTree = "<group>"; };
		4DF554052B86A969000DAF49 /* TutorialView.swift */ = {isa = PBXFileReference; lastKnownFileType = sourcecode.swift; path = TutorialView.swift; sourceTree = "<group>"; };
		4DF554072B86E9F2000DAF49 /* TutorialStep.swift */ = {isa = PBXFileReference; lastKnownFileType = sourcecode.swift; path = TutorialStep.swift; sourceTree = "<group>"; };
		4DF554092B880FA0000DAF49 /* HeartManager.swift */ = {isa = PBXFileReference; lastKnownFileType = sourcecode.swift; path = HeartManager.swift; sourceTree = "<group>"; };
		4DFC29EB2A5817A500AAE8DE /* GameCenterView.swift */ = {isa = PBXFileReference; lastKnownFileType = sourcecode.swift; path = GameCenterView.swift; sourceTree = "<group>"; };
		4DFE9A012B087242003FA745 /* HeartView.swift */ = {isa = PBXFileReference; lastKnownFileType = sourcecode.swift; path = HeartView.swift; sourceTree = "<group>"; };
/* End PBXFileReference section */

/* Begin PBXFrameworksBuildPhase section */
		4D70D2382A05518F002E9C0A /* Frameworks */ = {
			isa = PBXFrameworksBuildPhase;
			buildActionMask = 2147483647;
			files = (
				4D4F35C62B1D7AC6009CBC48 /* RevenueCat in Frameworks */,
				4D8C8C2C2B1E663000FAC725 /* Pow in Frameworks */,
				4D5FB6A52B760E2B00776CBB /* SwiftUIIntrospect-Static in Frameworks */,
				4D6401262A89D95E00917EC8 /* Lottie in Frameworks */,
				4D5FB6A32B760E2B00776CBB /* SwiftUIIntrospect in Frameworks */,
				4DD2BC572B7827EA00CD246B /* GoogleMobileAds in Frameworks */,
				4D5FB6A12B760CD100776CBB /* SwiftUIIntrospect in Frameworks */,
				4D5FB6AB2B760EA300776CBB /* SwiftUIIntrospect-Static in Frameworks */,
				4D4F35C82B1D7AC6009CBC48 /* RevenueCatUI in Frameworks */,
				4DD2BC522B78149000CD246B /* AmplitudeSwift in Frameworks */,
				4D5FB6A72B760EA300776CBB /* SwiftUIIntrospect in Frameworks */,
			);
			runOnlyForDeploymentPostprocessing = 0;
		};
/* End PBXFrameworksBuildPhase section */

/* Begin PBXGroup section */
		4D0F06982A48D5CE00B53823 /* Services */ = {
			isa = PBXGroup;
			children = (
				4D0F06992A48D60C00B53823 /* SoundManager.swift */,
				4D95187C2A50C5B100ED284D /* HapticManager.swift */,
				4DD2BC532B781FCB00CD246B /* AppSessionManager.swift */,
				4D4EEF222B8A73B500AA2DC5 /* NavigationCoordinator.swift */,
			);
			path = Services;
			sourceTree = "<group>";
		};
		4D0F069B2A48D89600B53823 /* Sounds */ = {
			isa = PBXGroup;
			children = (
				4D4F35C92B1D7BCC009CBC48 /* lose.mp3 */,
				4D2B38932A54D7EB00DA7D8F /* soundtrack.wav */,
				4DD7C1622A896B7D005B34BE /* countdown.mp3 */,
				4D5FB6B42B76E55700776CBB /* victory.mp3 */,
				4D0F06A42A48EBB800B53823 /* victory3.wav */,
				4D2B38952A54D81300DA7D8F /* move.wav */,
				4D2B38972A54D84A00DA7D8F /* convert.wav */,
			);
			path = Sounds;
			sourceTree = "<group>";
		};
		4D3A83CD2A0D33200059E2F0 /* Model */ = {
			isa = PBXGroup;
			children = (
				4D84F5D42A30BF5100B6E35C /* GameType.swift */,
				4D231DDA2AB08F7700F2D12A /* CellState.swift */,
				4D70D2502A0555D5002E9C0A /* Board.swift */,
				4D231DDC2AB08FA300F2D12A /* Move.swift */,
				4DA0C7C92AFF291C00DDEE99 /* GameLevel.swift */,
				4DF554072B86E9F2000DAF49 /* TutorialStep.swift */,
			);
			path = Model;
			sourceTree = "<group>";
		};
		4D42DC142A56046100E8809C /* Controllers */ = {
			isa = PBXGroup;
			children = (
				4D42DC122A55DE6B00E8809C /* GameCenterManager.swift */,
				4D231DEB2AB4FE1C00F2D12A /* AppLanguageManager.swift */,
				4DF554092B880FA0000DAF49 /* HeartManager.swift */,
			);
			path = Controllers;
			sourceTree = "<group>";
		};
		4D5FB6AE2B76C5AE00776CBB /* Helpers */ = {
			isa = PBXGroup;
			children = (
				4D5FB6AF2B76C5C400776CBB /* Ext+String.swift */,
				4D325A632B89653D007F2161 /* Ext+NavigationStock.swift */,
			);
			path = Helpers;
			sourceTree = "<group>";
		};
		4D6401332A89F61600917EC8 /* Animations */ = {
			isa = PBXGroup;
			children = (
				4D09B0972B81BAFE008B1CC1 /* story.mp4 */,
				4D60E7112B1C3C4600762875 /* Red Guy Win.json */,
				4D60E70F2B1BCD7700762875 /* logo2.json */,
				4D83E84E2A8AA717003A57BB /* blueDefault.json */,
				4D83E8502A8AA71D003A57BB /* redDefault.json */,
				4D64012F2A89F24500917EC8 /* blueToRed.json */,
				4D6401312A89F52900917EC8 /* redToBlue.json */,
				4DD4B5FE2A8F29EB004085B0 /* logo.json */,
				4D83E8542A8D3AFC003A57BB /* particles.json */,
				4D4419332A896E80007293F0 /* redActiveAnimation.json */,
				4D6401272A89DB5A00917EC8 /* gemBlue-deselect.json */,
				4D6401292A89DB7000917EC8 /* gemBlue-select.json */,
				4D4F35CB2B1D83D3009CBC48 /* Red guy fail.json */,
				4D930D472A897467006D139B /* redNonActiveAnimation.json */,
			);
			path = Animations;
			sourceTree = "<group>";
		};
		4D70D2322A05518F002E9C0A = {
			isa = PBXGroup;
			children = (
				4D70D23D2A05518F002E9C0A /* Jungle Spirits */,
				4D70D23C2A05518F002E9C0A /* Products */,
			);
			sourceTree = "<group>";
		};
		4D70D23C2A05518F002E9C0A /* Products */ = {
			isa = PBXGroup;
			children = (
				4D70D23B2A05518F002E9C0A /* Jungle Spirits.app */,
			);
			name = Products;
			sourceTree = "<group>";
		};
		4D70D23D2A05518F002E9C0A /* Jungle Spirits */ = {
			isa = PBXGroup;
			children = (
				4DD2BC632B78670C00CD246B /* Jungle-Spirits-Info.plist */,
				4D6401332A89F61600917EC8 /* Animations */,
				4D42DC142A56046100E8809C /* Controllers */,
				4D0F069B2A48D89600B53823 /* Sounds */,
				4D0F06982A48D5CE00B53823 /* Services */,
				4DED05552A31448900B2362A /* Assets */,
				4D3A83CD2A0D33200059E2F0 /* Model */,
				4D70D24D2A05545B002E9C0A /* Views */,
				4D5FB6AE2B76C5AE00776CBB /* Helpers */,
				4D70D23E2A05518F002E9C0A /* Jungle_SpiritsApp.swift */,
				4D4EEF212B8A6AD900AA2DC5 /* Jungle_Spirits.entitlements */,
				4D457DAE2A85594A00E0FB34 /* LaunchScreen.storyboard */,
				4DD2BC5A2B78324900CD246B /* AdBannerView.swift */,
				4DD2BC5C2B7832BD00CD246B /* AdView.swift */,
				4D70D2442A055190002E9C0A /* Preview Content */,
				4D231DE62AB4FB9C00F2D12A /* Localizable.strings */,
			);
			path = "Jungle Spirits";
			sourceTree = "<group>";
		};
		4D70D2442A055190002E9C0A /* Preview Content */ = {
			isa = PBXGroup;
			children = (
				4D70D2452A055190002E9C0A /* Preview Assets.xcassets */,
			);
			path = "Preview Content";
			sourceTree = "<group>";
		};
		4D70D24D2A05545B002E9C0A /* Views */ = {
			isa = PBXGroup;
			children = (
				4DED05542A31439100B2362A /* Subviews */,
				4D15F0B52A0C31AB00539383 /* BoardView.swift */,
				4D69639F2A7A57E70096D805 /* HowToPlayView.swift */,
				4DA579EB2A1AA4D700C989BE /* PauseMenuView.swift */,
				4DC62BF92A1A73F700CD2007 /* MenuView.swift */,
				4D9518782A50A58100ED284D /* WinView.swift */,
				4D5E69452AB9CD030089CAB6 /* CreditView.swift */,
				4D15F0B72A0C355E00539383 /* GameView.swift */,
				4D0779662ABC72EC009DE89E /* ResizeTest.swift */,
				4DA0C7CB2AFF293700DDEE99 /* LevelMapView.swift */,
				4DA0C7CD2B05C28600DDEE99 /* MapsTabView.swift */,
				4DF554052B86A969000DAF49 /* TutorialView.swift */,
			);
			path = Views;
			sourceTree = "<group>";
		};
		4DED05542A31439100B2362A /* Subviews */ = {
			isa = PBXGroup;
			children = (
				4DFC29EB2A5817A500AAE8DE /* GameCenterView.swift */,
				4DED055A2A3147D500B2362A /* PauseMenuIconView.swift */,
				4DED05522A31413600B2362A /* PieceCountView.swift */,
				4DED05502A31402900B2362A /* TimeBarView.swift */,
				4DED05582A3145D400B2362A /* CustomToggleView.swift */,
				4D2B388D2A54C5EB00DA7D8F /* CountDownView.swift */,
				4D4506EB2A7D14B400585259 /* SlideView.swift */,
				4D6963A12A7A5C940096D805 /* InfoTabView.swift */,
				4D930D452A897107006D139B /* LottieView.swift */,
				4D70D2522A055910002E9C0A /* PlayerView.swift */,
				4D15F0BA2A0C37BE00539383 /* CellView.swift */,
				4D231DDE2AB4E05A00F2D12A /* TextView.swift */,
				4D231DE02AB4E48C00F2D12A /* ButtonView.swift */,
				4D231DEF2AB56E5900F2D12A /* MatchmakingPopupView.swift */,
				4DA0C7CF2B05CF4100DDEE99 /* VideoPlayerView.swift */,
				4DFE9A012B087242003FA745 /* HeartView.swift */,
				4D60E70D2B1BCB0200762875 /* HeartStatusView.swift */,
				4D20A7632B519E02000F2D8B /* PopUpWinView.swift */,
				4D20A7692B5496A9000F2D8B /* SealedMapView.swift */,
				4D20A7652B530B84000F2D8B /* PopUpHeartView.swift */,
				4D20A7672B531C22000F2D8B /* SwiftUIView.swift */,
				4D5FB6B22B76E45700776CBB /* ScrollableView.swift */,
				4D09B08D2B80052F008B1CC1 /* ShareButtonView.swift */,
				4D09B08F2B801BE3008B1CC1 /* SubsTest.swift */,
				4D4EEF282B8B118000AA2DC5 /* testui.swift */,
			);
			path = Subviews;
			sourceTree = "<group>";
		};
		4DED05552A31448900B2362A /* Assets */ = {
			isa = PBXGroup;
			children = (
				4D84BBB22B8D9E2700AE2638 /* Yasir -Speech BubbleRegular.otf */,
				4DA829C62AB744B9008FE05D /* TempleGems-Regular.otf */,
				4D2B38912A54D22D00DA7D8F /* Tricky Jimmy.ttf */,
				4DED05562A31449100B2362A /* Watermelon-Regular.otf */,
				4D70D2422A055190002E9C0A /* Assets.xcassets */,
			);
			path = Assets;
			sourceTree = "<group>";
		};
/* End PBXGroup section */

/* Begin PBXNativeTarget section */
		4D70D23A2A05518F002E9C0A /* Jungle Spirits */ = {
			isa = PBXNativeTarget;
			buildConfigurationList = 4D70D24A2A055190002E9C0A /* Build configuration list for PBXNativeTarget "Jungle Spirits" */;
			buildPhases = (
				4D70D2372A05518F002E9C0A /* Sources */,
				4D70D2382A05518F002E9C0A /* Frameworks */,
				4D70D2392A05518F002E9C0A /* Resources */,
				4D5FB6AD2B760EBB00776CBB /* Embed Frameworks */,
			);
			buildRules = (
			);
			dependencies = (
			);
			name = "Jungle Spirits";
			packageProductDependencies = (
				4D6401252A89D95E00917EC8 /* Lottie */,
				4D4F35C52B1D7AC6009CBC48 /* RevenueCat */,
				4D4F35C72B1D7AC6009CBC48 /* RevenueCatUI */,
				4D8C8C2B2B1E663000FAC725 /* Pow */,
				4D5FB6A02B760CD100776CBB /* SwiftUIIntrospect */,
				4D5FB6A22B760E2B00776CBB /* SwiftUIIntrospect */,
				4D5FB6A42B760E2B00776CBB /* SwiftUIIntrospect-Static */,
				4D5FB6A62B760EA300776CBB /* SwiftUIIntrospect */,
				4D5FB6AA2B760EA300776CBB /* SwiftUIIntrospect-Static */,
				4DD2BC512B78149000CD246B /* AmplitudeSwift */,
				4DD2BC562B7827EA00CD246B /* GoogleMobileAds */,
			);
			productName = "Temple Beasts";
			productReference = 4D70D23B2A05518F002E9C0A /* Jungle Spirits.app */;
			productType = "com.apple.product-type.application";
		};
/* End PBXNativeTarget section */

/* Begin PBXProject section */
		4D70D2332A05518F002E9C0A /* Project object */ = {
			isa = PBXProject;
			attributes = {
				BuildIndependentTargetsInParallel = 1;
				LastSwiftUpdateCheck = 1430;
				LastUpgradeCheck = 1520;
				TargetAttributes = {
					4D70D23A2A05518F002E9C0A = {
						CreatedOnToolsVersion = 14.3;
					};
				};
			};
			buildConfigurationList = 4D70D2362A05518F002E9C0A /* Build configuration list for PBXProject "Jungle Spirits" */;
			compatibilityVersion = "Xcode 14.0";
			developmentRegion = en;
			hasScannedForEncodings = 0;
			knownRegions = (
				en,
				Base,
				tr,
				fr,
				de,
				es,
				"zh-Hans",
			);
			mainGroup = 4D70D2322A05518F002E9C0A;
			packageReferences = (
				4D6401242A89D95E00917EC8 /* XCRemoteSwiftPackageReference "lottie-ios" */,
				4D4F35C42B1D7AC6009CBC48 /* XCRemoteSwiftPackageReference "purchases-ios" */,
				4D8C8C2A2B1E663000FAC725 /* XCRemoteSwiftPackageReference "Pow" */,
				4D5FB6992B760C4B00776CBB /* XCRemoteSwiftPackageReference "swiftui-introspect" */,
				4DD2BC502B78149000CD246B /* XCRemoteSwiftPackageReference "Amplitude-Swift" */,
				4DD2BC552B7827EA00CD246B /* XCRemoteSwiftPackageReference "swift-package-manager-google-mobile-ads" */,
			);
			productRefGroup = 4D70D23C2A05518F002E9C0A /* Products */;
			projectDirPath = "";
			projectRoot = "";
			targets = (
				4D70D23A2A05518F002E9C0A /* Jungle Spirits */,
			);
		};
/* End PBXProject section */

/* Begin PBXResourcesBuildPhase section */
		4D70D2392A05518F002E9C0A /* Resources */ = {
			isa = PBXResourcesBuildPhase;
			buildActionMask = 2147483647;
			files = (
				4D4F35CA2B1D7BCC009CBC48 /* lose.mp3 in Resources */,
				4D457DAF2A85594A00E0FB34 /* LaunchScreen.storyboard in Resources */,
				4D83E84F2A8AA717003A57BB /* blueDefault.json in Resources */,
				4D5FB6B52B76E55700776CBB /* victory.mp3 in Resources */,
				4D2B38962A54D81400DA7D8F /* move.wav in Resources */,
				4D09B0982B81BAFE008B1CC1 /* story.mp4 in Resources */,
				4D2B38922A54D22D00DA7D8F /* Tricky Jimmy.ttf in Resources */,
				4D6401302A89F24500917EC8 /* blueToRed.json in Resources */,
				4D0F06A52A48EBB800B53823 /* victory3.wav in Resources */,
				4D60E7122B1C3C4600762875 /* Red Guy Win.json in Resources */,
				4D4419342A896E80007293F0 /* redActiveAnimation.json in Resources */,
				4D4F35CC2B1D83D3009CBC48 /* Red guy fail.json in Resources */,
				4D2B38982A54D84A00DA7D8F /* convert.wav in Resources */,
				4D83E8552A8D3AFC003A57BB /* particles.json in Resources */,
				4D60E7102B1BCD7700762875 /* logo2.json in Resources */,
				4D70D2462A055190002E9C0A /* Preview Assets.xcassets in Resources */,
				4D231DE42AB4FB9C00F2D12A /* Localizable.strings in Resources */,
				4DED055C2A31494800B2362A /* Watermelon-Regular.otf in Resources */,
				4DD4B5FF2A8F29EB004085B0 /* logo.json in Resources */,
				4D6401282A89DB5A00917EC8 /* gemBlue-deselect.json in Resources */,
				4DD7C1632A896B7D005B34BE /* countdown.mp3 in Resources */,
				4D70D2432A055190002E9C0A /* Assets.xcassets in Resources */,
				4D64012A2A89DB7000917EC8 /* gemBlue-select.json in Resources */,
				4D84BBB32B8D9E2700AE2638 /* Yasir -Speech BubbleRegular.otf in Resources */,
				4DD2BC642B78670C00CD246B /* Jungle-Spirits-Info.plist in Resources */,
				4DA829C72AB744B9008FE05D /* TempleGems-Regular.otf in Resources */,
				4D6401322A89F52900917EC8 /* redToBlue.json in Resources */,
				4D930D482A897467006D139B /* redNonActiveAnimation.json in Resources */,
				4D2B38942A54D7EB00DA7D8F /* soundtrack.wav in Resources */,
				4D83E8512A8AA71D003A57BB /* redDefault.json in Resources */,
			);
			runOnlyForDeploymentPostprocessing = 0;
		};
/* End PBXResourcesBuildPhase section */

/* Begin PBXSourcesBuildPhase section */
		4D70D2372A05518F002E9C0A /* Sources */ = {
			isa = PBXSourcesBuildPhase;
			buildActionMask = 2147483647;
			files = (
				4D70D23F2A05518F002E9C0A /* Jungle_SpiritsApp.swift in Sources */,
				4DF554082B86E9F2000DAF49 /* TutorialStep.swift in Sources */,
				4D60E70E2B1BCB0200762875 /* HeartStatusView.swift in Sources */,
				4D15F0B62A0C31AB00539383 /* BoardView.swift in Sources */,
				4D09B08E2B80052F008B1CC1 /* ShareButtonView.swift in Sources */,
				4D42DC132A55DE6B00E8809C /* GameCenterManager.swift in Sources */,
				4D231DDF2AB4E05A00F2D12A /* TextView.swift in Sources */,
				4D09B0902B801BE3008B1CC1 /* SubsTest.swift in Sources */,
				4D70D2532A055910002E9C0A /* PlayerView.swift in Sources */,
				4DED055B2A3147D500B2362A /* PauseMenuIconView.swift in Sources */,
				4D231DF02AB56E5900F2D12A /* MatchmakingPopupView.swift in Sources */,
				4D9518792A50A58100ED284D /* WinView.swift in Sources */,
				4D20A7662B530B84000F2D8B /* PopUpHeartView.swift in Sources */,
				4DF554062B86A969000DAF49 /* TutorialView.swift in Sources */,
				4D95187D2A50C5B100ED284D /* HapticManager.swift in Sources */,
				4D231DE12AB4E48C00F2D12A /* ButtonView.swift in Sources */,
				4D325A642B89653D007F2161 /* Ext+NavigationStock.swift in Sources */,
				4D70D2512A0555D5002E9C0A /* Board.swift in Sources */,
				4DD2BC5D2B7832BD00CD246B /* AdView.swift in Sources */,
				4D2B388E2A54C5EB00DA7D8F /* CountDownView.swift in Sources */,
				4D930D462A897107006D139B /* LottieView.swift in Sources */,
				4D84F5D52A30BF5100B6E35C /* GameType.swift in Sources */,
				4DA579EC2A1AA4D700C989BE /* PauseMenuView.swift in Sources */,
				4DC62BFA2A1A73F700CD2007 /* MenuView.swift in Sources */,
				4D15F0B82A0C355E00539383 /* GameView.swift in Sources */,
				4DED05592A3145D400B2362A /* CustomToggleView.swift in Sources */,
				4D231DDD2AB08FA300F2D12A /* Move.swift in Sources */,
				4D5E69462AB9CD030089CAB6 /* CreditView.swift in Sources */,
				4DD2BC5B2B78324900CD246B /* AdBannerView.swift in Sources */,
				4DED05532A31413600B2362A /* PieceCountView.swift in Sources */,
				4DA0C7D02B05CF4100DDEE99 /* VideoPlayerView.swift in Sources */,
				4D231DEC2AB4FE1C00F2D12A /* AppLanguageManager.swift in Sources */,
				4DA0C7CC2AFF293700DDEE99 /* LevelMapView.swift in Sources */,
				4D5FB6B02B76C5C400776CBB /* Ext+String.swift in Sources */,
				4D20A7642B519E02000F2D8B /* PopUpWinView.swift in Sources */,
				4DED05512A31402900B2362A /* TimeBarView.swift in Sources */,
				4DFE9A022B087242003FA745 /* HeartView.swift in Sources */,
				4DF5540A2B880FA0000DAF49 /* HeartManager.swift in Sources */,
				4DD2BC542B781FCB00CD246B /* AppSessionManager.swift in Sources */,
				4D15F0BB2A0C37BE00539383 /* CellView.swift in Sources */,
				4DFC29EC2A5817A500AAE8DE /* GameCenterView.swift in Sources */,
				4D231DDB2AB08F7700F2D12A /* CellState.swift in Sources */,
				4D5FB6B32B76E45700776CBB /* ScrollableView.swift in Sources */,
				4D4506EC2A7D14B400585259 /* SlideView.swift in Sources */,
				4D20A76A2B5496A9000F2D8B /* SealedMapView.swift in Sources */,
				4D4EEF292B8B118000AA2DC5 /* testui.swift in Sources */,
				4D6963A02A7A57E70096D805 /* HowToPlayView.swift in Sources */,
				4D20A7682B531C22000F2D8B /* SwiftUIView.swift in Sources */,
				4D0779672ABC72EC009DE89E /* ResizeTest.swift in Sources */,
				4D6963A22A7A5C940096D805 /* InfoTabView.swift in Sources */,
				4D4EEF232B8A73B500AA2DC5 /* NavigationCoordinator.swift in Sources */,
				4DA0C7CA2AFF291C00DDEE99 /* GameLevel.swift in Sources */,
				4D0F069A2A48D60C00B53823 /* SoundManager.swift in Sources */,
				4DA0C7CE2B05C28600DDEE99 /* MapsTabView.swift in Sources */,
			);
			runOnlyForDeploymentPostprocessing = 0;
		};
/* End PBXSourcesBuildPhase section */

/* Begin PBXVariantGroup section */
		4D231DE62AB4FB9C00F2D12A /* Localizable.strings */ = {
			isa = PBXVariantGroup;
			children = (
				4D231DE52AB4FB9C00F2D12A /* en */,
				4D231DE72AB4FB9F00F2D12A /* fr */,
				4D231DE82AB4FBA800F2D12A /* de */,
				4D231DE92AB4FBA800F2D12A /* tr */,
				4D231DEA2AB4FC1E00F2D12A /* es */,
				4D5FB6B12B76D7E000776CBB /* zh-Hans */,
			);
			name = Localizable.strings;
			sourceTree = "<group>";
		};
/* End PBXVariantGroup section */

/* Begin XCBuildConfiguration section */
		4D70D2482A055190002E9C0A /* Debug */ = {
			isa = XCBuildConfiguration;
			buildSettings = {
				ALWAYS_SEARCH_USER_PATHS = NO;
				CLANG_ANALYZER_LOCALIZABILITY_NONLOCALIZED = YES;
				CLANG_ANALYZER_NONNULL = YES;
				CLANG_ANALYZER_NUMBER_OBJECT_CONVERSION = YES_AGGRESSIVE;
				CLANG_CXX_LANGUAGE_STANDARD = "gnu++20";
				CLANG_ENABLE_MODULES = YES;
				CLANG_ENABLE_OBJC_ARC = YES;
				CLANG_ENABLE_OBJC_WEAK = YES;
				CLANG_WARN_BLOCK_CAPTURE_AUTORELEASING = YES;
				CLANG_WARN_BOOL_CONVERSION = YES;
				CLANG_WARN_COMMA = YES;
				CLANG_WARN_CONSTANT_CONVERSION = YES;
				CLANG_WARN_DEPRECATED_OBJC_IMPLEMENTATIONS = YES;
				CLANG_WARN_DIRECT_OBJC_ISA_USAGE = YES_ERROR;
				CLANG_WARN_DOCUMENTATION_COMMENTS = YES;
				CLANG_WARN_EMPTY_BODY = YES;
				CLANG_WARN_ENUM_CONVERSION = YES;
				CLANG_WARN_INFINITE_RECURSION = YES;
				CLANG_WARN_INT_CONVERSION = YES;
				CLANG_WARN_NON_LITERAL_NULL_CONVERSION = YES;
				CLANG_WARN_OBJC_IMPLICIT_RETAIN_SELF = YES;
				CLANG_WARN_OBJC_LITERAL_CONVERSION = YES;
				CLANG_WARN_OBJC_ROOT_CLASS = YES_ERROR;
				CLANG_WARN_QUOTED_INCLUDE_IN_FRAMEWORK_HEADER = YES;
				CLANG_WARN_RANGE_LOOP_ANALYSIS = YES;
				CLANG_WARN_STRICT_PROTOTYPES = YES;
				CLANG_WARN_SUSPICIOUS_MOVE = YES;
				CLANG_WARN_UNGUARDED_AVAILABILITY = YES_AGGRESSIVE;
				CLANG_WARN_UNREACHABLE_CODE = YES;
				CLANG_WARN__DUPLICATE_METHOD_MATCH = YES;
				COPY_PHASE_STRIP = NO;
				DEAD_CODE_STRIPPING = YES;
				DEBUG_INFORMATION_FORMAT = dwarf;
				ENABLE_STRICT_OBJC_MSGSEND = YES;
				ENABLE_TESTABILITY = YES;
				ENABLE_USER_SCRIPT_SANDBOXING = YES;
				GCC_C_LANGUAGE_STANDARD = gnu11;
				GCC_DYNAMIC_NO_PIC = NO;
				GCC_NO_COMMON_BLOCKS = YES;
				GCC_OPTIMIZATION_LEVEL = 0;
				GCC_PREPROCESSOR_DEFINITIONS = (
					"DEBUG=1",
					"$(inherited)",
				);
				GCC_WARN_64_TO_32_BIT_CONVERSION = YES;
				GCC_WARN_ABOUT_RETURN_TYPE = YES_ERROR;
				GCC_WARN_UNDECLARED_SELECTOR = YES;
				GCC_WARN_UNINITIALIZED_AUTOS = YES_AGGRESSIVE;
				GCC_WARN_UNUSED_FUNCTION = YES;
				GCC_WARN_UNUSED_VARIABLE = YES;
				IPHONEOS_DEPLOYMENT_TARGET = 16.0;
				MACOSX_DEPLOYMENT_TARGET = 13.3;
				MTL_ENABLE_DEBUG_INFO = INCLUDE_SOURCE;
				MTL_FAST_MATH = YES;
				ONLY_ACTIVE_ARCH = YES;
				SDKROOT = macosx;
				SWIFT_ACTIVE_COMPILATION_CONDITIONS = DEBUG;
				SWIFT_OPTIMIZATION_LEVEL = "-Onone";
			};
			name = Debug;
		};
		4D70D2492A055190002E9C0A /* Release */ = {
			isa = XCBuildConfiguration;
			buildSettings = {
				ALWAYS_SEARCH_USER_PATHS = NO;
				CLANG_ANALYZER_LOCALIZABILITY_NONLOCALIZED = YES;
				CLANG_ANALYZER_NONNULL = YES;
				CLANG_ANALYZER_NUMBER_OBJECT_CONVERSION = YES_AGGRESSIVE;
				CLANG_CXX_LANGUAGE_STANDARD = "gnu++20";
				CLANG_ENABLE_MODULES = YES;
				CLANG_ENABLE_OBJC_ARC = YES;
				CLANG_ENABLE_OBJC_WEAK = YES;
				CLANG_WARN_BLOCK_CAPTURE_AUTORELEASING = YES;
				CLANG_WARN_BOOL_CONVERSION = YES;
				CLANG_WARN_COMMA = YES;
				CLANG_WARN_CONSTANT_CONVERSION = YES;
				CLANG_WARN_DEPRECATED_OBJC_IMPLEMENTATIONS = YES;
				CLANG_WARN_DIRECT_OBJC_ISA_USAGE = YES_ERROR;
				CLANG_WARN_DOCUMENTATION_COMMENTS = YES;
				CLANG_WARN_EMPTY_BODY = YES;
				CLANG_WARN_ENUM_CONVERSION = YES;
				CLANG_WARN_INFINITE_RECURSION = YES;
				CLANG_WARN_INT_CONVERSION = YES;
				CLANG_WARN_NON_LITERAL_NULL_CONVERSION = YES;
				CLANG_WARN_OBJC_IMPLICIT_RETAIN_SELF = YES;
				CLANG_WARN_OBJC_LITERAL_CONVERSION = YES;
				CLANG_WARN_OBJC_ROOT_CLASS = YES_ERROR;
				CLANG_WARN_QUOTED_INCLUDE_IN_FRAMEWORK_HEADER = YES;
				CLANG_WARN_RANGE_LOOP_ANALYSIS = YES;
				CLANG_WARN_STRICT_PROTOTYPES = YES;
				CLANG_WARN_SUSPICIOUS_MOVE = YES;
				CLANG_WARN_UNGUARDED_AVAILABILITY = YES_AGGRESSIVE;
				CLANG_WARN_UNREACHABLE_CODE = YES;
				CLANG_WARN__DUPLICATE_METHOD_MATCH = YES;
				COPY_PHASE_STRIP = NO;
				DEAD_CODE_STRIPPING = YES;
				DEBUG_INFORMATION_FORMAT = "dwarf-with-dsym";
				ENABLE_NS_ASSERTIONS = NO;
				ENABLE_STRICT_OBJC_MSGSEND = YES;
				ENABLE_USER_SCRIPT_SANDBOXING = YES;
				GCC_C_LANGUAGE_STANDARD = gnu11;
				GCC_NO_COMMON_BLOCKS = YES;
				GCC_WARN_64_TO_32_BIT_CONVERSION = YES;
				GCC_WARN_ABOUT_RETURN_TYPE = YES_ERROR;
				GCC_WARN_UNDECLARED_SELECTOR = YES;
				GCC_WARN_UNINITIALIZED_AUTOS = YES_AGGRESSIVE;
				GCC_WARN_UNUSED_FUNCTION = YES;
				GCC_WARN_UNUSED_VARIABLE = YES;
				IPHONEOS_DEPLOYMENT_TARGET = 16.0;
				MACOSX_DEPLOYMENT_TARGET = 13.3;
				MTL_ENABLE_DEBUG_INFO = NO;
				MTL_FAST_MATH = YES;
				SDKROOT = macosx;
				SWIFT_COMPILATION_MODE = wholemodule;
				SWIFT_OPTIMIZATION_LEVEL = "-O";
			};
			name = Release;
		};
		4D70D24B2A055190002E9C0A /* Debug */ = {
			isa = XCBuildConfiguration;
			buildSettings = {
				ASSETCATALOG_COMPILER_APPICON_NAME = AppIcon;
				ASSETCATALOG_COMPILER_GLOBAL_ACCENT_COLOR_NAME = AccentColor;
				CODE_SIGN_ENTITLEMENTS = "Jungle Spirits/Jungle_Spirits.entitlements";
				"CODE_SIGN_IDENTITY[sdk=macosx*]" = "Apple Development";
				CODE_SIGN_STYLE = Automatic;
				COMBINE_HIDPI_IMAGES = YES;
				CURRENT_PROJECT_VERSION = 7;
				DEAD_CODE_STRIPPING = YES;
				DEVELOPMENT_ASSET_PATHS = "\"Jungle Spirits/Preview Content\"";
				DEVELOPMENT_TEAM = 62739J54F9;
				ENABLE_HARDENED_RUNTIME = YES;
				ENABLE_PREVIEWS = YES;
				GENERATE_INFOPLIST_FILE = YES;
				INFOPLIST_FILE = "Jungle-Spirits-Info.plist";
				INFOPLIST_KEY_CFBundleDisplayName = "Jungle Sprints";
				INFOPLIST_KEY_LSApplicationCategoryType = "public.app-category.board-games";
				INFOPLIST_KEY_LSSupportsOpeningDocumentsInPlace = YES;
				INFOPLIST_KEY_UILaunchStoryboardName = LaunchScreen.storyboard;
				INFOPLIST_KEY_UISupportedInterfaceOrientations = "UIInterfaceOrientationLandscapeLeft UIInterfaceOrientationPortrait";
				INFOPLIST_KEY_UISupportedInterfaceOrientations_iPad = UIInterfaceOrientationPortrait;
				IPHONEOS_DEPLOYMENT_TARGET = 16.0;
				LD_RUNPATH_SEARCH_PATHS = (
					"$(inherited)",
					"@executable_path/../Frameworks",
				);
				MARKETING_VERSION = 0.1.0;
				ONLY_ACTIVE_ARCH = YES;
				PRODUCT_BUNDLE_IDENTIFIER = "Spirits.games.Jungle-Spirits";
				PRODUCT_NAME = "Jungle Spirits";
				SUPPORTED_PLATFORMS = "iphoneos iphonesimulator xros xrsimulator";
				SUPPORTS_MACCATALYST = NO;
				SUPPORTS_MAC_DESIGNED_FOR_IPHONE_IPAD = YES;
				SWIFT_EMIT_LOC_STRINGS = YES;
				SWIFT_VERSION = 5.0;
				TARGETED_DEVICE_FAMILY = "1,7";
				XROS_DEPLOYMENT_TARGET = 1.0;
			};
			name = Debug;
		};
		4D70D24C2A055190002E9C0A /* Release */ = {
			isa = XCBuildConfiguration;
			buildSettings = {
				ASSETCATALOG_COMPILER_APPICON_NAME = AppIcon;
				ASSETCATALOG_COMPILER_GLOBAL_ACCENT_COLOR_NAME = AccentColor;
				CODE_SIGN_ENTITLEMENTS = "Jungle Spirits/Jungle_Spirits.entitlements";
				"CODE_SIGN_IDENTITY[sdk=macosx*]" = "Apple Development";
				CODE_SIGN_STYLE = Automatic;
				COMBINE_HIDPI_IMAGES = YES;
				CURRENT_PROJECT_VERSION = 7;
				DEAD_CODE_STRIPPING = YES;
				DEVELOPMENT_ASSET_PATHS = "\"Jungle Spirits/Preview Content\"";
				DEVELOPMENT_TEAM = 62739J54F9;
				ENABLE_HARDENED_RUNTIME = YES;
				ENABLE_PREVIEWS = YES;
				GENERATE_INFOPLIST_FILE = YES;
				INFOPLIST_FILE = "Jungle-Spirits-Info.plist";
				INFOPLIST_KEY_CFBundleDisplayName = "Jungle Sprints";
				INFOPLIST_KEY_LSApplicationCategoryType = "public.app-category.board-games";
				INFOPLIST_KEY_LSSupportsOpeningDocumentsInPlace = YES;
				INFOPLIST_KEY_UILaunchStoryboardName = LaunchScreen.storyboard;
				INFOPLIST_KEY_UISupportedInterfaceOrientations = "UIInterfaceOrientationLandscapeLeft UIInterfaceOrientationPortrait";
				INFOPLIST_KEY_UISupportedInterfaceOrientations_iPad = UIInterfaceOrientationPortrait;
				IPHONEOS_DEPLOYMENT_TARGET = 16.0;
				LD_RUNPATH_SEARCH_PATHS = (
					"$(inherited)",
					"@executable_path/../Frameworks",
				);
				MARKETING_VERSION = 0.1.0;
				ONLY_ACTIVE_ARCH = YES;
				PRODUCT_BUNDLE_IDENTIFIER = "Spirits.games.Jungle-Spirits";
				PRODUCT_NAME = "Jungle Spirits";
				SUPPORTED_PLATFORMS = "iphoneos iphonesimulator xros xrsimulator";
				SUPPORTS_MACCATALYST = NO;
				SUPPORTS_MAC_DESIGNED_FOR_IPHONE_IPAD = YES;
				SWIFT_EMIT_LOC_STRINGS = YES;
				SWIFT_VERSION = 5.0;
				TARGETED_DEVICE_FAMILY = "1,7";
				XROS_DEPLOYMENT_TARGET = 1.0;
			};
			name = Release;
		};
/* End XCBuildConfiguration section */

/* Begin XCConfigurationList section */
		4D70D2362A05518F002E9C0A /* Build configuration list for PBXProject "Jungle Spirits" */ = {
			isa = XCConfigurationList;
			buildConfigurations = (
				4D70D2482A055190002E9C0A /* Debug */,
				4D70D2492A055190002E9C0A /* Release */,
			);
			defaultConfigurationIsVisible = 0;
			defaultConfigurationName = Release;
		};
		4D70D24A2A055190002E9C0A /* Build configuration list for PBXNativeTarget "Jungle Spirits" */ = {
			isa = XCConfigurationList;
			buildConfigurations = (
				4D70D24B2A055190002E9C0A /* Debug */,
				4D70D24C2A055190002E9C0A /* Release */,
			);
			defaultConfigurationIsVisible = 0;
			defaultConfigurationName = Release;
		};
/* End XCConfigurationList section */

/* Begin XCRemoteSwiftPackageReference section */
		4D4F35C42B1D7AC6009CBC48 /* XCRemoteSwiftPackageReference "purchases-ios" */ = {
			isa = XCRemoteSwiftPackageReference;
			repositoryURL = "https://github.com/RevenueCat/purchases-ios.git";
			requirement = {
				kind = upToNextMajorVersion;
				minimumVersion = 4.0.0;
			};
		};
		4D5FB6992B760C4B00776CBB /* XCRemoteSwiftPackageReference "swiftui-introspect" */ = {
			isa = XCRemoteSwiftPackageReference;
			repositoryURL = "https://github.com/siteline/swiftui-introspect";
			requirement = {
				kind = upToNextMajorVersion;
				minimumVersion = 1.1.2;
			};
		};
		4D6401242A89D95E00917EC8 /* XCRemoteSwiftPackageReference "lottie-ios" */ = {
			isa = XCRemoteSwiftPackageReference;
			repositoryURL = "https://github.com/airbnb/lottie-ios.git";
			requirement = {
				kind = upToNextMajorVersion;
				minimumVersion = 4.2.0;
			};
		};
		4D8C8C2A2B1E663000FAC725 /* XCRemoteSwiftPackageReference "Pow" */ = {
			isa = XCRemoteSwiftPackageReference;
			repositoryURL = "https://github.com/EmergeTools/Pow";
			requirement = {
				kind = upToNextMajorVersion;
				minimumVersion = 1.0.0;
			};
		};
		4DD2BC502B78149000CD246B /* XCRemoteSwiftPackageReference "Amplitude-Swift" */ = {
			isa = XCRemoteSwiftPackageReference;
			repositoryURL = "https://github.com/amplitude/Amplitude-Swift";
			requirement = {
				branch = main;
				kind = branch;
			};
		};
		4DD2BC552B7827EA00CD246B /* XCRemoteSwiftPackageReference "swift-package-manager-google-mobile-ads" */ = {
			isa = XCRemoteSwiftPackageReference;
			repositoryURL = "https://github.com/googleads/swift-package-manager-google-mobile-ads.git";
			requirement = {
				kind = upToNextMajorVersion;
				minimumVersion = 11.0.1;
			};
		};
/* End XCRemoteSwiftPackageReference section */

/* Begin XCSwiftPackageProductDependency section */
		4D4F35C52B1D7AC6009CBC48 /* RevenueCat */ = {
			isa = XCSwiftPackageProductDependency;
			package = 4D4F35C42B1D7AC6009CBC48 /* XCRemoteSwiftPackageReference "purchases-ios" */;
			productName = RevenueCat;
		};
		4D4F35C72B1D7AC6009CBC48 /* RevenueCatUI */ = {
			isa = XCSwiftPackageProductDependency;
			package = 4D4F35C42B1D7AC6009CBC48 /* XCRemoteSwiftPackageReference "purchases-ios" */;
			productName = RevenueCatUI;
		};
		4D5FB6A02B760CD100776CBB /* SwiftUIIntrospect */ = {
			isa = XCSwiftPackageProductDependency;
			package = 4D5FB6992B760C4B00776CBB /* XCRemoteSwiftPackageReference "swiftui-introspect" */;
			productName = SwiftUIIntrospect;
		};
		4D5FB6A22B760E2B00776CBB /* SwiftUIIntrospect */ = {
			isa = XCSwiftPackageProductDependency;
			package = 4D5FB6992B760C4B00776CBB /* XCRemoteSwiftPackageReference "swiftui-introspect" */;
			productName = SwiftUIIntrospect;
		};
		4D5FB6A42B760E2B00776CBB /* SwiftUIIntrospect-Static */ = {
			isa = XCSwiftPackageProductDependency;
			package = 4D5FB6992B760C4B00776CBB /* XCRemoteSwiftPackageReference "swiftui-introspect" */;
			productName = "SwiftUIIntrospect-Static";
		};
		4D5FB6A62B760EA300776CBB /* SwiftUIIntrospect */ = {
			isa = XCSwiftPackageProductDependency;
			package = 4D5FB6992B760C4B00776CBB /* XCRemoteSwiftPackageReference "swiftui-introspect" */;
			productName = SwiftUIIntrospect;
		};
		4D5FB6AA2B760EA300776CBB /* SwiftUIIntrospect-Static */ = {
			isa = XCSwiftPackageProductDependency;
			package = 4D5FB6992B760C4B00776CBB /* XCRemoteSwiftPackageReference "swiftui-introspect" */;
			productName = "SwiftUIIntrospect-Static";
		};
		4D6401252A89D95E00917EC8 /* Lottie */ = {
			isa = XCSwiftPackageProductDependency;
			package = 4D6401242A89D95E00917EC8 /* XCRemoteSwiftPackageReference "lottie-ios" */;
			productName = Lottie;
		};
		4D8C8C2B2B1E663000FAC725 /* Pow */ = {
			isa = XCSwiftPackageProductDependency;
			package = 4D8C8C2A2B1E663000FAC725 /* XCRemoteSwiftPackageReference "Pow" */;
			productName = Pow;
		};
		4DD2BC512B78149000CD246B /* AmplitudeSwift */ = {
			isa = XCSwiftPackageProductDependency;
			package = 4DD2BC502B78149000CD246B /* XCRemoteSwiftPackageReference "Amplitude-Swift" */;
			productName = AmplitudeSwift;
		};
		4DD2BC562B7827EA00CD246B /* GoogleMobileAds */ = {
			isa = XCSwiftPackageProductDependency;
			package = 4DD2BC552B7827EA00CD246B /* XCRemoteSwiftPackageReference "swift-package-manager-google-mobile-ads" */;
			productName = GoogleMobileAds;
		};
/* End XCSwiftPackageProductDependency section */
	};
	rootObject = 4D70D2332A05518F002E9C0A /* Project object */;
}
